// !$*UTF8*$!
{
	archiveVersion = 1;
	classes = {
	};
	objectVersion = 46;
	objects = {

/* Begin PBXBuildFile section */
		F7FAF37D02FB22CE53DA499F /* thread.cpp in Sources */ = {isa = PBXBuildFile; fileRef = 664245FF2A7AAA4A0CEBDF7C /* thread.cpp */; };
/* End PBXBuildFile section */

/* Begin PBXFileReference section */
		18F92990A15D854AC10A1A3B /* libthread_engine.dylib */ = {isa = PBXFileReference; explicitFileType = "compiled.mach-o.dylib"; includeInIndex = 0; path = libthread_engine.dylib; sourceTree = BUILT_PRODUCTS_DIR; };
		664245FF2A7AAA4A0CEBDF7C /* thread.cpp */ = {isa = PBXFileReference; lastKnownFileType = sourcecode.cpp.cpp; path = thread.cpp; sourceTree = "<group>"; };
		B5688B33306D04C73C068171 /* common.gypi */ = {isa = PBXFileReference; explicitFileType = sourcecode; name = common.gypi; path = ../../common.gypi; sourceTree = "<group>"; };
		D93F42A8D93D134BAEEE5AA8 /* thread_engine.gyp */ = {isa = PBXFileReference; explicitFileType = sourcecode; path = thread_engine.gyp; sourceTree = "<group>"; };
		F2B3B2119DEE055A1E290919 /* thread.hpp */ = {isa = PBXFileReference; lastKnownFileType = text; path = thread.hpp; sourceTree = "<group>"; };
/* End PBXFileReference section */

/* Begin PBXFrameworksBuildPhase section */
		36B006B8B6934347D19855E3 /* Frameworks */ = {
			isa = PBXFrameworksBuildPhase;
			buildActionMask = 2147483647;
			files = (
			);
			runOnlyForDeploymentPostprocessing = 0;
		};
/* End PBXFrameworksBuildPhase section */

/* Begin PBXGroup section */
		2845B8981F9F4DF921F89516 = {
			isa = PBXGroup;
			children = (
				CCD8702F02E38F78AE0DC816 /* Source */,
				41956C78EBE2331033BD3DB2 /* Products */,
				ABC5D748870E83CE29D9B32B /* Build */,
			);
			sourceTree = "<group>";
		};
		41956C78EBE2331033BD3DB2 /* Products */ = {
			isa = PBXGroup;
			children = (
				18F92990A15D854AC10A1A3B /* libthread_engine.dylib */,
			);
			name = Products;
			sourceTree = "<group>";
		};
		ABC5D748870E83CE29D9B32B /* Build */ = {
			isa = PBXGroup;
			children = (
				B5688B33306D04C73C068171 /* common.gypi */,
				D93F42A8D93D134BAEEE5AA8 /* thread_engine.gyp */,
			);
			name = Build;
			sourceTree = "<group>";
		};
		CCD8702F02E38F78AE0DC816 /* Source */ = {
			isa = PBXGroup;
			children = (
				664245FF2A7AAA4A0CEBDF7C /* thread.cpp */,
				F2B3B2119DEE055A1E290919 /* thread.hpp */,
			);
			name = Source;
			sourceTree = "<group>";
		};
/* End PBXGroup section */

/* Begin PBXNativeTarget section */
		19A7BE6AAB8E7AFA6731878E /* thread_engine */ = {
			isa = PBXNativeTarget;
			buildConfigurationList = ABBE316341690DBFA150A0EA /* Build configuration list for PBXNativeTarget "thread_engine" */;
			buildPhases = (
				0974DF1347D5F8FE2D056C70 /* Sources */,
				36B006B8B6934347D19855E3 /* Frameworks */,
			);
			buildRules = (
			);
			dependencies = (
			);
			name = thread_engine;
			productName = thread_engine;
			productReference = 18F92990A15D854AC10A1A3B /* libthread_engine.dylib */;
			productType = "com.apple.product-type.library.dynamic";
		};
/* End PBXNativeTarget section */

/* Begin PBXProject section */
		B4EEF38974DF349F168CE381 /* Project object */ = {
			isa = PBXProject;
			attributes = {
				BuildIndependentTargetsInParallel = YES;
			};
			buildConfigurationList = 6234CBE57ADABE7DABC5F888 /* Build configuration list for PBXProject "thread_engine" */;
			compatibilityVersion = "Xcode 3.2";
			hasScannedForEncodings = 1;
			mainGroup = 2845B8981F9F4DF921F89516;
			projectDirPath = "";
			projectRoot = "";
			targets = (
				19A7BE6AAB8E7AFA6731878E /* thread_engine */,
			);
		};
/* End PBXProject section */

/* Begin PBXSourcesBuildPhase section */
		0974DF1347D5F8FE2D056C70 /* Sources */ = {
			isa = PBXSourcesBuildPhase;
			buildActionMask = 2147483647;
			files = (
				F7FAF37D02FB22CE53DA499F /* thread.cpp in Sources */,
			);
			runOnlyForDeploymentPostprocessing = 0;
		};
/* End PBXSourcesBuildPhase section */

/* Begin XCBuildConfiguration section */
		581EC851D4764A6E48ABD400 /* Default */ = {
			isa = XCBuildConfiguration;
			buildSettings = {
				EXECUTABLE_PREFIX = lib;
				GCC_PREPROCESSOR_DEFINITIONS = ANDROID;
				HEADER_SEARCH_PATHS = ../include;
				PRODUCT_NAME = thread_engine;
			};
			name = Default;
		};
		7A72E1259498715A09E32E19 /* Default */ = {
			isa = XCBuildConfiguration;
			buildSettings = {
				INTERMEDIATE_DIR = "$(PROJECT_DERIVED_FILE_DIR)/$(CONFIGURATION)";
				SHARED_INTERMEDIATE_DIR = "$(SYMROOT)/DerivedSources/$(CONFIGURATION)";
			};
			name = Default;
		};
/* End XCBuildConfiguration section */

/* Begin XCConfigurationList section */
		6234CBE57ADABE7DABC5F888 /* Build configuration list for PBXProject "thread_engine" */ = {
			isa = XCConfigurationList;
			buildConfigurations = (
				7A72E1259498715A09E32E19 /* Default */,
			);
			defaultConfigurationIsVisible = 1;
			defaultConfigurationName = Default;
		};
		ABBE316341690DBFA150A0EA /* Build configuration list for PBXNativeTarget "thread_engine" */ = {
			isa = XCConfigurationList;
			buildConfigurations = (
				581EC851D4764A6E48ABD400 /* Default */,
			);
			defaultConfigurationIsVisible = 1;
			defaultConfigurationName = Default;
		};
/* End XCConfigurationList section */
	};
	rootObject = B4EEF38974DF349F168CE381 /* Project object */;
}
