// !$*UTF8*$!
{
	archiveVersion = 1;
	classes = {
	};
	objectVersion = 46;
	objects = {

/* Begin PBXBuildFile section */
		042FC6228C8C9CF9AFFF7CF1 /* CoreAudio.framework in Frameworks */ = {isa = PBXBuildFile; fileRef = E34491A189CA6F2A9AE008E0 /* CoreAudio.framework */; };
		06F6AC5E55EC9DDA33F9E3F1 /* CoreFoundation.framework in Frameworks */ = {isa = PBXBuildFile; fileRef = D7561037436883BB9232242F /* CoreFoundation.framework */; };
		06FD698D40D7A0447B0376BE /* mac_audio_play.cpp in Sources */ = {isa = PBXBuildFile; fileRef = C2A3D3854C5DB3EB61AC7DC5 /* mac_audio_play.cpp */; };
		3533FE68CAE870F6FAFC8D55 /* mac_audio_capture.cpp in Sources */ = {isa = PBXBuildFile; fileRef = 2E94DC30675674573E01128D /* mac_audio_capture.cpp */; };
		6040976BE9BC0A03FAAB9283 /* mac_audio_engine.cpp in Sources */ = {isa = PBXBuildFile; fileRef = 9A86294766A509C9EBBC809B /* mac_audio_engine.cpp */; };
		7B750DC42752ED5D5DC0AE65 /* mac_audio_tool.cpp in Sources */ = {isa = PBXBuildFile; fileRef = 606ED3EE80C944D0B8341561 /* mac_audio_tool.cpp */; };
		80AAE75CCC60E51B3CBD48CD /* CARingBuffer.cpp in Sources */ = {isa = PBXBuildFile; fileRef = 936862546893E42E14CBDBCD /* CARingBuffer.cpp */; };
		931E748F8F8D2505A9ABD9CB /* CAStreamBasicDescription.cpp in Sources */ = {isa = PBXBuildFile; fileRef = 8AE7219162F861CFA1AE9A9B /* CAStreamBasicDescription.cpp */; };
		BA7447FCA4189BFE0D5C9AA3 /* audio_device.cpp in Sources */ = {isa = PBXBuildFile; fileRef = 2A36E4D9C585EE2F265BDD69 /* audio_device.cpp */; };
		CECF3CFC473B7AD5839CDA65 /* AudioUnit.framework in Frameworks */ = {isa = PBXBuildFile; fileRef = E4B8FC5ACA038A9CF3E4F7E3 /* AudioUnit.framework */; };
		D85C0A2257855820C2005DB5 /* mac_audio_resampler.cpp in Sources */ = {isa = PBXBuildFile; fileRef = 227260CA0B824C2606B49139 /* mac_audio_resampler.cpp */; };
		D95DC78D1BC22C5E00D1B98D /* libthread_engine.dylib in Frameworks */ = {isa = PBXBuildFile; fileRef = D95DC78C1BC22C5E00D1B98D /* libthread_engine.dylib */; };
		FA93CACFDEEA09A762732C5A /* AudioToolbox.framework in Frameworks */ = {isa = PBXBuildFile; fileRef = 872E882FAAB7052EB86B111E /* AudioToolbox.framework */; };
/* End PBXBuildFile section */

/* Begin PBXFileReference section */
		227260CA0B824C2606B49139 /* mac_audio_resampler.cpp */ = {isa = PBXFileReference; lastKnownFileType = sourcecode.cpp.cpp; path = mac_audio_resampler.cpp; sourceTree = "<group>"; };
		287FC2EA28CBA8453E27DDA1 /* audio_engine.hpp */ = {isa = PBXFileReference; lastKnownFileType = text; path = audio_engine.hpp; sourceTree = "<group>"; };
		2A36E4D9C585EE2F265BDD69 /* audio_device.cpp */ = {isa = PBXFileReference; lastKnownFileType = sourcecode.cpp.cpp; path = audio_device.cpp; sourceTree = "<group>"; };
		2E94DC30675674573E01128D /* mac_audio_capture.cpp */ = {isa = PBXFileReference; lastKnownFileType = sourcecode.cpp.cpp; path = mac_audio_capture.cpp; sourceTree = "<group>"; };
		606ED3EE80C944D0B8341561 /* mac_audio_tool.cpp */ = {isa = PBXFileReference; lastKnownFileType = sourcecode.cpp.cpp; path = mac_audio_tool.cpp; sourceTree = "<group>"; };
		6B639B61849E685321A9D3EA /* mac_audio_play.hpp */ = {isa = PBXFileReference; lastKnownFileType = text; path = mac_audio_play.hpp; sourceTree = "<group>"; };
		6F6DC6622F063A8A9B9657AD /* audio_capture.hpp */ = {isa = PBXFileReference; lastKnownFileType = text; path = audio_capture.hpp; sourceTree = "<group>"; };
		79156A13FA0B6297EEB5593E /* libaudio_engine.dylib */ = {isa = PBXFileReference; explicitFileType = "compiled.mach-o.dylib"; includeInIndex = 0; path = libaudio_engine.dylib; sourceTree = BUILT_PRODUCTS_DIR; };
		7F7A1A8DA16D1A8B6C8EB81A /* audio_device.hpp */ = {isa = PBXFileReference; lastKnownFileType = text; path = audio_device.hpp; sourceTree = "<group>"; };
		85C1D2524AAEB8D14D9553FD /* mac_audio_resampler.hpp */ = {isa = PBXFileReference; lastKnownFileType = text; path = mac_audio_resampler.hpp; sourceTree = "<group>"; };
		872E882FAAB7052EB86B111E /* AudioToolbox.framework */ = {isa = PBXFileReference; lastKnownFileType = wrapper.framework; name = AudioToolbox.framework; path = System/Library/Frameworks/AudioToolbox.framework; sourceTree = SDKROOT; };
		8AE7219162F861CFA1AE9A9B /* CAStreamBasicDescription.cpp */ = {isa = PBXFileReference; lastKnownFileType = sourcecode.cpp.cpp; path = CAStreamBasicDescription.cpp; sourceTree = "<group>"; };
		8B93764CD66A75814F14F3DD /* common.gypi */ = {isa = PBXFileReference; explicitFileType = sourcecode; name = common.gypi; path = ../../common.gypi; sourceTree = "<group>"; };
		8BC66678DA8F3958E584DFFF /* CARingBuffer.h */ = {isa = PBXFileReference; lastKnownFileType = sourcecode.c.h; path = CARingBuffer.h; sourceTree = "<group>"; };
		936862546893E42E14CBDBCD /* CARingBuffer.cpp */ = {isa = PBXFileReference; lastKnownFileType = sourcecode.cpp.cpp; path = CARingBuffer.cpp; sourceTree = "<group>"; };
		9A86294766A509C9EBBC809B /* mac_audio_engine.cpp */ = {isa = PBXFileReference; lastKnownFileType = sourcecode.cpp.cpp; path = mac_audio_engine.cpp; sourceTree = "<group>"; };
		9FB892BD23851C2E6840808D /* mac_audio_engine.hpp */ = {isa = PBXFileReference; lastKnownFileType = text; path = mac_audio_engine.hpp; sourceTree = "<group>"; };
		AB98BB467444904F97093E67 /* CAStreamBasicDescription.h */ = {isa = PBXFileReference; lastKnownFileType = sourcecode.c.h; path = CAStreamBasicDescription.h; sourceTree = "<group>"; };
		C2A3D3854C5DB3EB61AC7DC5 /* mac_audio_play.cpp */ = {isa = PBXFileReference; lastKnownFileType = sourcecode.cpp.cpp; path = mac_audio_play.cpp; sourceTree = "<group>"; };
		D7561037436883BB9232242F /* CoreFoundation.framework */ = {isa = PBXFileReference; lastKnownFileType = wrapper.framework; name = CoreFoundation.framework; path = System/Library/Frameworks/CoreFoundation.framework; sourceTree = SDKROOT; };
		D80CBDE8C4F361CD6A5EDC13 /* mac_audio_tool.hpp */ = {isa = PBXFileReference; lastKnownFileType = text; path = mac_audio_tool.hpp; sourceTree = "<group>"; };
		D95DC78C1BC22C5E00D1B98D /* libthread_engine.dylib */ = {isa = PBXFileReference; lastKnownFileType = "compiled.mach-o.dylib"; name = libthread_engine.dylib; path = "../../../../../Library/Developer/Xcode/DerivedData/macgui-fpalbqwnkaknjvepwlnylsrwljda/Build/Products/Default/libthread_engine.dylib"; sourceTree = "<group>"; };
		E34491A189CA6F2A9AE008E0 /* CoreAudio.framework */ = {isa = PBXFileReference; lastKnownFileType = wrapper.framework; name = CoreAudio.framework; path = System/Library/Frameworks/CoreAudio.framework; sourceTree = SDKROOT; };
		E4B8FC5ACA038A9CF3E4F7E3 /* AudioUnit.framework */ = {isa = PBXFileReference; lastKnownFileType = wrapper.framework; name = AudioUnit.framework; path = System/Library/Frameworks/AudioUnit.framework; sourceTree = SDKROOT; };
		E9A975F15174231C703EC34E /* audio_engine.gyp */ = {isa = PBXFileReference; explicitFileType = sourcecode; path = audio_engine.gyp; sourceTree = "<group>"; };
		F122AA4D18A177D6EE843F9B /* mac_audio_capture.hpp */ = {isa = PBXFileReference; lastKnownFileType = text; path = mac_audio_capture.hpp; sourceTree = "<group>"; };
/* End PBXFileReference section */

/* Begin PBXFrameworksBuildPhase section */
		B8C0EA3E32C43A97F2787D42 /* Frameworks */ = {
			isa = PBXFrameworksBuildPhase;
			buildActionMask = 2147483647;
			files = (
				D95DC78D1BC22C5E00D1B98D /* libthread_engine.dylib in Frameworks */,
				06F6AC5E55EC9DDA33F9E3F1 /* CoreFoundation.framework in Frameworks */,
				FA93CACFDEEA09A762732C5A /* AudioToolbox.framework in Frameworks */,
				CECF3CFC473B7AD5839CDA65 /* AudioUnit.framework in Frameworks */,
				042FC6228C8C9CF9AFFF7CF1 /* CoreAudio.framework in Frameworks */,
			);
			runOnlyForDeploymentPostprocessing = 0;
		};
/* End PBXFrameworksBuildPhase section */

/* Begin PBXGroup section */
		2EA0DA0864306BEFDC9532F1 /* Frameworks */ = {
			isa = PBXGroup;
			children = (
				D95DC78C1BC22C5E00D1B98D /* libthread_engine.dylib */,
				872E882FAAB7052EB86B111E /* AudioToolbox.framework */,
				E4B8FC5ACA038A9CF3E4F7E3 /* AudioUnit.framework */,
				E34491A189CA6F2A9AE008E0 /* CoreAudio.framework */,
				D7561037436883BB9232242F /* CoreFoundation.framework */,
			);
			name = Frameworks;
			sourceTree = "<group>";
		};
		303FCC2C6164B4A0A32623E9 /* Build */ = {
			isa = PBXGroup;
			children = (
				E9A975F15174231C703EC34E /* audio_engine.gyp */,
				8B93764CD66A75814F14F3DD /* common.gypi */,
			);
			name = Build;
			sourceTree = "<group>";
		};
		78212D051A22FFDA9BE5CA5E /* Source */ = {
			isa = PBXGroup;
			children = (
				E3FA6B15CC517CD93AEE35E3 /* mac_utility */,
				6F6DC6622F063A8A9B9657AD /* audio_capture.hpp */,
				2A36E4D9C585EE2F265BDD69 /* audio_device.cpp */,
				7F7A1A8DA16D1A8B6C8EB81A /* audio_device.hpp */,
				287FC2EA28CBA8453E27DDA1 /* audio_engine.hpp */,
				2E94DC30675674573E01128D /* mac_audio_capture.cpp */,
				F122AA4D18A177D6EE843F9B /* mac_audio_capture.hpp */,
				9A86294766A509C9EBBC809B /* mac_audio_engine.cpp */,
				9FB892BD23851C2E6840808D /* mac_audio_engine.hpp */,
				C2A3D3854C5DB3EB61AC7DC5 /* mac_audio_play.cpp */,
				6B639B61849E685321A9D3EA /* mac_audio_play.hpp */,
				227260CA0B824C2606B49139 /* mac_audio_resampler.cpp */,
				85C1D2524AAEB8D14D9553FD /* mac_audio_resampler.hpp */,
				606ED3EE80C944D0B8341561 /* mac_audio_tool.cpp */,
				D80CBDE8C4F361CD6A5EDC13 /* mac_audio_tool.hpp */,
			);
			name = Source;
			sourceTree = "<group>";
		};
		802FA746F2DF1FD4601F3DC6 = {
			isa = PBXGroup;
			children = (
				78212D051A22FFDA9BE5CA5E /* Source */,
				2EA0DA0864306BEFDC9532F1 /* Frameworks */,
				E3909E10FD3BF2BBC89013B3 /* Products */,
				303FCC2C6164B4A0A32623E9 /* Build */,
			);
			sourceTree = "<group>";
		};
		E3909E10FD3BF2BBC89013B3 /* Products */ = {
			isa = PBXGroup;
			children = (
				79156A13FA0B6297EEB5593E /* libaudio_engine.dylib */,
			);
			name = Products;
			sourceTree = "<group>";
		};
		E3FA6B15CC517CD93AEE35E3 /* mac_utility */ = {
			isa = PBXGroup;
			children = (
				936862546893E42E14CBDBCD /* CARingBuffer.cpp */,
				8BC66678DA8F3958E584DFFF /* CARingBuffer.h */,
				8AE7219162F861CFA1AE9A9B /* CAStreamBasicDescription.cpp */,
				AB98BB467444904F97093E67 /* CAStreamBasicDescription.h */,
			);
			path = mac_utility;
			sourceTree = "<group>";
		};
/* End PBXGroup section */

/* Begin PBXNativeTarget section */
		FB81B2EF1E59D2AA12E3431A /* libaudio_engine */ = {
			isa = PBXNativeTarget;
			buildConfigurationList = C7841B2F61C60A5BF2AC5457 /* Build configuration list for PBXNativeTarget "libaudio_engine" */;
			buildPhases = (
				BECF366A6D316FC76FEDFB7F /* Sources */,
				B8C0EA3E32C43A97F2787D42 /* Frameworks */,
			);
			buildRules = (
			);
			dependencies = (
			);
			name = libaudio_engine;
			productName = audio_engine;
			productReference = 79156A13FA0B6297EEB5593E /* libaudio_engine.dylib */;
			productType = "com.apple.product-type.library.dynamic";
		};
/* End PBXNativeTarget section */

/* Begin PBXProject section */
		B2C95D642CB7FD5D07AF0D0B /* Project object */ = {
			isa = PBXProject;
			attributes = {
				BuildIndependentTargetsInParallel = YES;
			};
			buildConfigurationList = 5D455E595376FCBA94709FB5 /* Build configuration list for PBXProject "audio_engine" */;
			compatibilityVersion = "Xcode 3.2";
			developmentRegion = English;
			hasScannedForEncodings = 1;
			knownRegions = (
				en,
			);
			mainGroup = 802FA746F2DF1FD4601F3DC6;
			projectDirPath = "";
			projectRoot = "";
			targets = (
				FB81B2EF1E59D2AA12E3431A /* libaudio_engine */,
			);
		};
/* End PBXProject section */

/* Begin PBXSourcesBuildPhase section */
		BECF366A6D316FC76FEDFB7F /* Sources */ = {
			isa = PBXSourcesBuildPhase;
			buildActionMask = 2147483647;
			files = (
				BA7447FCA4189BFE0D5C9AA3 /* audio_device.cpp in Sources */,
				3533FE68CAE870F6FAFC8D55 /* mac_audio_capture.cpp in Sources */,
				6040976BE9BC0A03FAAB9283 /* mac_audio_engine.cpp in Sources */,
				06FD698D40D7A0447B0376BE /* mac_audio_play.cpp in Sources */,
				D85C0A2257855820C2005DB5 /* mac_audio_resampler.cpp in Sources */,
				7B750DC42752ED5D5DC0AE65 /* mac_audio_tool.cpp in Sources */,
				931E748F8F8D2505A9ABD9CB /* CAStreamBasicDescription.cpp in Sources */,
				80AAE75CCC60E51B3CBD48CD /* CARingBuffer.cpp in Sources */,
			);
			runOnlyForDeploymentPostprocessing = 0;
		};
/* End PBXSourcesBuildPhase section */

/* Begin XCBuildConfiguration section */
		CEEF0BA261DC13197581C70B /* Default */ = {
			isa = XCBuildConfiguration;
			buildSettings = {
				EXECUTABLE_PREFIX = lib;
				HEADER_SEARCH_PATHS = (
					../include,
					../thread,
					../misc,
					../../libs/libsrtp/include,
					../../libs/libsrtp/crypto/include,
					System/Library/Frameworks/CoreFoundation.Framework/Headers,
				);
				LIBRARY_SEARCH_PATHS = (
					"$(SDKROOT)/System/Library/Frameworks",
					"$(USER_LIBRARY_DIR)/Developer/Xcode/DerivedData/macgui-fpalbqwnkaknjvepwlnylsrwljda/Build/Products/Default",
				);
				OTHER_CPLUSPLUSFLAGS = "-std=c++11";
				PRODUCT_NAME = audio_engine;
			};
			name = Default;
		};
		D353F4A7749D70CB913283BF /* Default */ = {
			isa = XCBuildConfiguration;
			buildSettings = {
				INTERMEDIATE_DIR = "$(PROJECT_DERIVED_FILE_DIR)/$(CONFIGURATION)";
				SHARED_INTERMEDIATE_DIR = "$(SYMROOT)/DerivedSources/$(CONFIGURATION)";
			};
			name = Default;
		};
/* End XCBuildConfiguration section */

/* Begin XCConfigurationList section */
		5D455E595376FCBA94709FB5 /* Build configuration list for PBXProject "audio_engine" */ = {
			isa = XCConfigurationList;
			buildConfigurations = (
				D353F4A7749D70CB913283BF /* Default */,
			);
			defaultConfigurationIsVisible = 1;
			defaultConfigurationName = Default;
		};
		C7841B2F61C60A5BF2AC5457 /* Build configuration list for PBXNativeTarget "libaudio_engine" */ = {
			isa = XCConfigurationList;
			buildConfigurations = (
				CEEF0BA261DC13197581C70B /* Default */,
			);
			defaultConfigurationIsVisible = 1;
			defaultConfigurationName = Default;
		};
/* End XCConfigurationList section */
	};
	rootObject = B2C95D642CB7FD5D07AF0D0B /* Project object */;
}
