// !$*UTF8*$!
{
	archiveVersion = 1;
	classes = {
	};
	objectVersion = 46;
	objects = {

/* Begin PBXBuildFile section */
		2B523371344C2E3DF6BEB553 /* libthread_engine.a in Frameworks */ = {isa = PBXBuildFile; fileRef = 7AA2B0BF30FBC5C47233878D /* libthread_engine.a */; };
		75228511CBC63479A1941EB2 /* libnetwork_engine.dylib in Frameworks */ = {isa = PBXBuildFile; fileRef = DF0154F8FED9EE3AE9163924 /* libnetwork_engine.dylib */; };
		CCF59B23C2581032586710C3 /* libsrtp.a in Frameworks */ = {isa = PBXBuildFile; fileRef = 691ADB3C88304870221FC75D /* libsrtp.a */; };
		E7B1981AB5B2C3B6BDFF5749 /* stun_server_main.cpp in Sources */ = {isa = PBXBuildFile; fileRef = 624084442C7E2E344BDA3608 /* stun_server_main.cpp */; };
		F25BD446B277FDF8C0A5EBF3 /* libstun_server.a in Frameworks */ = {isa = PBXBuildFile; fileRef = 1DA4FAF6E43F8AF19EDE9E76 /* libstun_server.a */; };
/* End PBXBuildFile section */

/* Begin PBXContainerItemProxy section */
		34E26C2B9F67F34A26E3F162 /* PBXContainerItemProxy */ = {
			isa = PBXContainerItemProxy;
			containerPortal = F80D7FAB2A885B248474D7E0 /* server_engine.xcodeproj */;
			proxyType = 1;
			remoteGlobalIDString = F30403C336C5CF9E92E81D4B;
			remoteInfo = libstun_server;
		};
		5BF88DE457F99DED07B9F924 /* PBXContainerItemProxy */ = {
			isa = PBXContainerItemProxy;
			containerPortal = 8F3C850B29DCEACB5F95768E /* thread_engine.xcodeproj */;
			proxyType = 2;
			remoteGlobalIDString = 85B29969623F068F9144E752;
			remoteInfo = thread_engine;
		};
		7E700D8D0B2CE9AD6224EA67 /* PBXContainerItemProxy */ = {
			isa = PBXContainerItemProxy;
			containerPortal = 8F3C850B29DCEACB5F95768E /* thread_engine.xcodeproj */;
			proxyType = 1;
			remoteGlobalIDString = 19A7BE6AAB8E7AFA6731878E;
			remoteInfo = thread_engine;
		};
		99225086456A86372132422A /* PBXContainerItemProxy */ = {
			isa = PBXContainerItemProxy;
			containerPortal = F80D7FAB2A885B248474D7E0 /* server_engine.xcodeproj */;
			proxyType = 2;
			remoteGlobalIDString = C4093A2EABFD000710D125C0;
			remoteInfo = libsignaling_server;
		};
		AE3DA1522C561C585F893E3E /* PBXContainerItemProxy */ = {
			isa = PBXContainerItemProxy;
			containerPortal = 112E8BA6740B11428826C7D4 /* network_engine.xcodeproj */;
			proxyType = 2;
			remoteGlobalIDString = A7F6871F862C7E97C58BFF4C;
			remoteInfo = network_engine;
		};
		B745CE155280443F6C6DBAB5 /* PBXContainerItemProxy */ = {
			isa = PBXContainerItemProxy;
			containerPortal = F80D7FAB2A885B248474D7E0 /* server_engine.xcodeproj */;
			proxyType = 2;
			remoteGlobalIDString = 8838DE66DA158ABDE0D411EE;
			remoteInfo = libstun_server;
		};
		BCB262EED61DF49C6303712B /* PBXContainerItemProxy */ = {
			isa = PBXContainerItemProxy;
			containerPortal = 112E8BA6740B11428826C7D4 /* network_engine.xcodeproj */;
			proxyType = 1;
			remoteGlobalIDString = 6A03BA77C2A08309394D31E0;
			remoteInfo = network_engine;
		};
/* End PBXContainerItemProxy section */

/* Begin PBXFileReference section */
		051C05EDA551C79CC49D4C2C /* stun_server */ = {isa = PBXFileReference; explicitFileType = "compiled.mach-o.executable"; includeInIndex = 0; path = stun_server; sourceTree = BUILT_PRODUCTS_DIR; };
		112E8BA6740B11428826C7D4 /* network_engine.xcodeproj */ = {isa = PBXFileReference; lastKnownFileType = "wrapper.pb-project"; name = network_engine.xcodeproj; path = ../network/network_engine.xcodeproj; sourceTree = SOURCE_ROOT; };
		624084442C7E2E344BDA3608 /* stun_server_main.cpp */ = {isa = PBXFileReference; lastKnownFileType = sourcecode.cpp.cpp; path = stun_server_main.cpp; sourceTree = "<group>"; };
		691ADB3C88304870221FC75D /* libsrtp.a */ = {isa = PBXFileReference; lastKnownFileType = archive.ar; name = libsrtp.a; path = ../../libs/libsrtp.a; sourceTree = "<group>"; };
		8F3C850B29DCEACB5F95768E /* thread_engine.xcodeproj */ = {isa = PBXFileReference; lastKnownFileType = "wrapper.pb-project"; name = thread_engine.xcodeproj; path = ../thread/thread_engine.xcodeproj; sourceTree = SOURCE_ROOT; };
		9A399DDACCFD921FFEB72DAD /* stun_server.gyp */ = {isa = PBXFileReference; explicitFileType = sourcecode; path = stun_server.gyp; sourceTree = "<group>"; };
		C5A8178697A8AE410C04D81C /* common.gypi */ = {isa = PBXFileReference; explicitFileType = sourcecode; name = common.gypi; path = ../../common.gypi; sourceTree = "<group>"; };
		F80D7FAB2A885B248474D7E0 /* server_engine.xcodeproj */ = {isa = PBXFileReference; lastKnownFileType = "wrapper.pb-project"; path = server_engine.xcodeproj; sourceTree = SOURCE_ROOT; };
/* End PBXFileReference section */

/* Begin PBXFrameworksBuildPhase section */
		706341F80C1A0143529CD46B /* Frameworks */ = {
			isa = PBXFrameworksBuildPhase;
			buildActionMask = 2147483647;
			files = (
				F25BD446B277FDF8C0A5EBF3 /* libstun_server.a in Frameworks */,
				2B523371344C2E3DF6BEB553 /* libthread_engine.a in Frameworks */,
				75228511CBC63479A1941EB2 /* libnetwork_engine.dylib in Frameworks */,
				CCF59B23C2581032586710C3 /* libsrtp.a in Frameworks */,
			);
			runOnlyForDeploymentPostprocessing = 0;
		};
/* End PBXFrameworksBuildPhase section */

/* Begin PBXGroup section */
		1EBFDD5741D1FF6670ECC544 /* Products */ = {
			isa = PBXGroup;
			children = (
				7AA2B0BF30FBC5C47233878D /* libthread_engine.a */,
			);
			name = Products;
			sourceTree = "<group>";
		};
		2B47DB057B9429B56C320118 /* Products */ = {
			isa = PBXGroup;
			children = (
				DF0154F8FED9EE3AE9163924 /* libnetwork_engine.dylib */,
			);
			name = Products;
			sourceTree = "<group>";
		};
		5274737CCD01B944B1D525BF /* Projects */ = {
			isa = PBXGroup;
			children = (
				112E8BA6740B11428826C7D4 /* network_engine.xcodeproj */,
				F80D7FAB2A885B248474D7E0 /* server_engine.xcodeproj */,
				8F3C850B29DCEACB5F95768E /* thread_engine.xcodeproj */,
			);
			name = Projects;
			sourceTree = "<group>";
		};
		70DD4D113C39B32025093B14 /* Build */ = {
			isa = PBXGroup;
			children = (
				C5A8178697A8AE410C04D81C /* common.gypi */,
				9A399DDACCFD921FFEB72DAD /* stun_server.gyp */,
			);
			name = Build;
			sourceTree = "<group>";
		};
		94303D685F91342DC1E3DE36 = {
			isa = PBXGroup;
			children = (
				ED782FB48C5171CDC2DBBB52 /* Source */,
				5274737CCD01B944B1D525BF /* Projects */,
				9B045B9F93CE8C763F5C1E44 /* Frameworks */,
				C7C0E7EA015164105E454EF4 /* Products */,
				70DD4D113C39B32025093B14 /* Build */,
			);
			sourceTree = "<group>";
		};
		9B045B9F93CE8C763F5C1E44 /* Frameworks */ = {
			isa = PBXGroup;
			children = (
				691ADB3C88304870221FC75D /* libsrtp.a */,
			);
			name = Frameworks;
			sourceTree = "<group>";
		};
		B774C76A9491C9E868BDF27D /* Products */ = {
			isa = PBXGroup;
			children = (
				1DA4FAF6E43F8AF19EDE9E76 /* libstun_server.a */,
				DBDCDA16A84F16A314C89D13 /* libsignaling_server.a */,
			);
			name = Products;
			sourceTree = "<group>";
		};
		C7C0E7EA015164105E454EF4 /* Products */ = {
			isa = PBXGroup;
			children = (
				051C05EDA551C79CC49D4C2C /* stun_server */,
			);
			name = Products;
			sourceTree = "<group>";
		};
		ED782FB48C5171CDC2DBBB52 /* Source */ = {
			isa = PBXGroup;
			children = (
				624084442C7E2E344BDA3608 /* stun_server_main.cpp */,
			);
			name = Source;
			sourceTree = "<group>";
		};
/* End PBXGroup section */

/* Begin PBXNativeTarget section */
		7643D134C84D9A193D4AF968 /* stun_server */ = {
			isa = PBXNativeTarget;
			buildConfigurationList = 7982097154E0922EB84735AC /* Build configuration list for PBXNativeTarget "stun_server" */;
			buildPhases = (
				D7A215A949329F6DD31B2EDE /* Sources */,
				706341F80C1A0143529CD46B /* Frameworks */,
			);
			buildRules = (
			);
			dependencies = (
				B89016670D5C8DC3E8BF38D8 /* PBXTargetDependency */,
				072911173BD8B475CFEB788F /* PBXTargetDependency */,
				BF1CC3C364433632887B6E8B /* PBXTargetDependency */,
			);
			name = stun_server;
			productName = stun_server;
			productReference = 051C05EDA551C79CC49D4C2C /* stun_server */;
			productType = "com.apple.product-type.tool";
		};
/* End PBXNativeTarget section */

/* Begin PBXProject section */
		9C0720A41419FCBE4D9EF1BE /* Project object */ = {
			isa = PBXProject;
			attributes = {
				BuildIndependentTargetsInParallel = YES;
			};
			buildConfigurationList = FCB176D41F88488CB22D92E7 /* Build configuration list for PBXProject "stun_server" */;
			compatibilityVersion = "Xcode 3.2";
			hasScannedForEncodings = 1;
			mainGroup = 94303D685F91342DC1E3DE36;
			projectDirPath = "";
			projectReferences = (
				{
					ProductGroup = 2B47DB057B9429B56C320118 /* Products */;
					ProjectRef = 112E8BA6740B11428826C7D4 /* network_engine.xcodeproj */;
				},
				{
					ProductGroup = B774C76A9491C9E868BDF27D /* Products */;
					ProjectRef = F80D7FAB2A885B248474D7E0 /* server_engine.xcodeproj */;
				},
				{
					ProductGroup = 1EBFDD5741D1FF6670ECC544 /* Products */;
					ProjectRef = 8F3C850B29DCEACB5F95768E /* thread_engine.xcodeproj */;
				},
			);
			projectRoot = "";
			targets = (
				7643D134C84D9A193D4AF968 /* stun_server */,
			);
		};
/* End PBXProject section */

/* Begin PBXReferenceProxy section */
		1DA4FAF6E43F8AF19EDE9E76 /* libstun_server.a */ = {
			isa = PBXReferenceProxy;
			fileType = archive.ar;
			path = libstun_server.a;
			remoteRef = B745CE155280443F6C6DBAB5 /* PBXContainerItemProxy */;
			sourceTree = BUILT_PRODUCTS_DIR;
		};
		7AA2B0BF30FBC5C47233878D /* libthread_engine.a */ = {
			isa = PBXReferenceProxy;
			fileType = archive.ar;
			path = libthread_engine.a;
			remoteRef = 5BF88DE457F99DED07B9F924 /* PBXContainerItemProxy */;
			sourceTree = BUILT_PRODUCTS_DIR;
		};
		DBDCDA16A84F16A314C89D13 /* libsignaling_server.a */ = {
			isa = PBXReferenceProxy;
			fileType = archive.ar;
			path = libsignaling_server.a;
			remoteRef = 99225086456A86372132422A /* PBXContainerItemProxy */;
			sourceTree = BUILT_PRODUCTS_DIR;
		};
		DF0154F8FED9EE3AE9163924 /* libnetwork_engine.dylib */ = {
			isa = PBXReferenceProxy;
			fileType = "compiled.mach-o.dylib";
			path = libnetwork_engine.dylib;
			remoteRef = AE3DA1522C561C585F893E3E /* PBXContainerItemProxy */;
			sourceTree = BUILT_PRODUCTS_DIR;
		};
/* End PBXReferenceProxy section */

/* Begin PBXSourcesBuildPhase section */
		D7A215A949329F6DD31B2EDE /* Sources */ = {
			isa = PBXSourcesBuildPhase;
			buildActionMask = 2147483647;
			files = (
				E7B1981AB5B2C3B6BDFF5749 /* stun_server_main.cpp in Sources */,
			);
			runOnlyForDeploymentPostprocessing = 0;
		};
/* End PBXSourcesBuildPhase section */

/* Begin PBXTargetDependency section */
		072911173BD8B475CFEB788F /* PBXTargetDependency */ = {
			isa = PBXTargetDependency;
			name = thread_engine;
			targetProxy = 7E700D8D0B2CE9AD6224EA67 /* PBXContainerItemProxy */;
		};
		B89016670D5C8DC3E8BF38D8 /* PBXTargetDependency */ = {
			isa = PBXTargetDependency;
			name = libstun_server;
			targetProxy = 34E26C2B9F67F34A26E3F162 /* PBXContainerItemProxy */;
		};
		BF1CC3C364433632887B6E8B /* PBXTargetDependency */ = {
			isa = PBXTargetDependency;
			name = network_engine;
			targetProxy = BCB262EED61DF49C6303712B /* PBXContainerItemProxy */;
		};
/* End PBXTargetDependency section */

/* Begin XCBuildConfiguration section */
		06C242817240B5660B3D56F5 /* Default */ = {
			isa = XCBuildConfiguration;
			buildSettings = {
				INTERMEDIATE_DIR = "$(PROJECT_DERIVED_FILE_DIR)/$(CONFIGURATION)";
				SHARED_INTERMEDIATE_DIR = "$(SYMROOT)/DerivedSources/$(CONFIGURATION)";
			};
			name = Default;
		};
		903EF781618049E898F76AE8 /* Default */ = {
			isa = XCBuildConfiguration;
			buildSettings = {
				EXECUTABLE_PREFIX = "";
				HEADER_SEARCH_PATHS = (
					../include,
					../misc,
					../network,
					../thread,
				);
				LIBRARY_SEARCH_PATHS = ../../libs;
				OTHER_CPLUSPLUSFLAGS = "-std=c++11";
				PRODUCT_NAME = stun_server;
			};
			name = Default;
		};
/* End XCBuildConfiguration section */

/* Begin XCConfigurationList section */
		7982097154E0922EB84735AC /* Build configuration list for PBXNativeTarget "stun_server" */ = {
			isa = XCConfigurationList;
			buildConfigurations = (
				903EF781618049E898F76AE8 /* Default */,
			);
			defaultConfigurationIsVisible = 1;
			defaultConfigurationName = Default;
		};
		FCB176D41F88488CB22D92E7 /* Build configuration list for PBXProject "stun_server" */ = {
			isa = XCConfigurationList;
			buildConfigurations = (
				06C242817240B5660B3D56F5 /* Default */,
			);
			defaultConfigurationIsVisible = 1;
			defaultConfigurationName = Default;
		};
/* End XCConfigurationList section */
	};
	rootObject = 9C0720A41419FCBE4D9EF1BE /* Project object */;
}
