// !$*UTF8*$!
{
	archiveVersion = 1;
	classes = {
	};
	objectVersion = 46;
	objects = {

/* Begin PBXAggregateTarget section */
		69AF5A372FCB2ECE0D38AC7E /* All */ = {
			isa = PBXAggregateTarget;
			buildConfigurationList = CFFD20609806FA7A46E586CC /* Build configuration list for PBXAggregateTarget "All" */;
			buildPhases = (
			);
			dependencies = (
				89714C5E3E596ABE6319AEB2 /* PBXTargetDependency */,
				0269BDC89C1BC86A997F4F6A /* PBXTargetDependency */,
			);
			name = All;
			productName = All;
		};
/* End PBXAggregateTarget section */

/* Begin PBXBuildFile section */
		20E685D5D9AF237434B6AF35 /* dynamic_buffer.cpp in Sources */ = {isa = PBXBuildFile; fileRef = 5AAE2C8242EB6C8FEF769AD8 /* dynamic_buffer.cpp */; };
		3A68FF18BF5EEB858A0870E1 /* stun_server_thread.cpp in Sources */ = {isa = PBXBuildFile; fileRef = C75751B6B5D421A79120C971 /* stun_server_thread.cpp */; };
		484A6D80ACB8AA7CD5E41156 /* signaling_server_subthread.cpp in Sources */ = {isa = PBXBuildFile; fileRef = CD5D9F01EFE8A815BB2BFA41 /* signaling_server_subthread.cpp */; };
		4DCA32AF7C93437C86B8AA9F /* stun_server.cpp in Sources */ = {isa = PBXBuildFile; fileRef = A8ED27437C685883A07C616D /* stun_server.cpp */; };
		55A0E77E4C0EC49DBCDFF720 /* signaling_server.cpp in Sources */ = {isa = PBXBuildFile; fileRef = 094CE036D13A37CD1E47B85C /* signaling_server.cpp */; };
		8AF8C14C39361630A67FBB0A /* socket_address.cpp in Sources */ = {isa = PBXBuildFile; fileRef = 7A4721ED60D01D6829D62F29 /* socket_address.cpp */; };
		8B4D8F2B98E776538BCB0C86 /* physical_socket.cpp in Sources */ = {isa = PBXBuildFile; fileRef = 103C5E440EB6AA383821C9CA /* physical_socket.cpp */; };
		99C65830AEA3CDA57FEE4760 /* signaling_message_builder.cpp in Sources */ = {isa = PBXBuildFile; fileRef = DB1C058652A49CAA228C20FD /* signaling_message_builder.cpp */; };
		CB0B46D09CB068203E71F7A4 /* signaling_message_reader.cpp in Sources */ = {isa = PBXBuildFile; fileRef = 64D5ECCD6B7783AB3778C48E /* signaling_message_reader.cpp */; };
		E89E68B919BB318C534412CF /* signaling_server_thread.cpp in Sources */ = {isa = PBXBuildFile; fileRef = 456C81F326303C907B2A347F /* signaling_server_thread.cpp */; };
		F2C3F6168A548F9D88E6128B /* data_stream.cpp in Sources */ = {isa = PBXBuildFile; fileRef = 44AE6CD98E010C551A5E35EB /* data_stream.cpp */; };
		F8B4A4C1265308C03144EB0C /* ipaddress.cpp in Sources */ = {isa = PBXBuildFile; fileRef = 166A8E6471575C3778598706 /* ipaddress.cpp */; };
/* End PBXBuildFile section */

/* Begin PBXContainerItemProxy section */
		1527D46C162F42CE65DB9E0D /* PBXContainerItemProxy */ = {
			isa = PBXContainerItemProxy;
			containerPortal = 5BF89FDE5C7E350730C95FED /* network_engine.xcodeproj */;
			proxyType = 1;
			remoteGlobalIDString = 6A03BA77C2A08309394D31E0;
			remoteInfo = network_engine;
		};
		416C50EBAD881F7C0C59130E /* PBXContainerItemProxy */ = {
			isa = PBXContainerItemProxy;
			containerPortal = D0494C9DDE80A152B9E152C4 /* Project object */;
			proxyType = 1;
			remoteGlobalIDString = F30403C336C5CF9E92E81D4B;
			remoteInfo = libstun_server;
		};
		A854ABEE4C3098A644AA8D4E /* PBXContainerItemProxy */ = {
			isa = PBXContainerItemProxy;
			containerPortal = 5BF89FDE5C7E350730C95FED /* network_engine.xcodeproj */;
			proxyType = 2;
			remoteGlobalIDString = A7F6871F862C7E97C58BFF4C;
			remoteInfo = network_engine;
		};
		FC379B30360D48F81B3F0EC0 /* PBXContainerItemProxy */ = {
			isa = PBXContainerItemProxy;
			containerPortal = D0494C9DDE80A152B9E152C4 /* Project object */;
			proxyType = 1;
			remoteGlobalIDString = AD07FFD20C2BAE955CD67612;
			remoteInfo = libsignaling_server;
		};
/* End PBXContainerItemProxy section */

/* Begin PBXFileReference section */
		020F7C882E04690757DBEF2E /* dynamic_buffer.hpp */ = {isa = PBXFileReference; lastKnownFileType = text; path = dynamic_buffer.hpp; sourceTree = "<group>"; };
		094CE036D13A37CD1E47B85C /* signaling_server.cpp */ = {isa = PBXFileReference; lastKnownFileType = sourcecode.cpp.cpp; path = signaling_server.cpp; sourceTree = "<group>"; };
		103C5E440EB6AA383821C9CA /* physical_socket.cpp */ = {isa = PBXFileReference; lastKnownFileType = sourcecode.cpp.cpp; path = physical_socket.cpp; sourceTree = "<group>"; };
		117F9FD3076B2B56FAA697FE /* socket_address.hpp */ = {isa = PBXFileReference; lastKnownFileType = text; path = socket_address.hpp; sourceTree = "<group>"; };
		166A8E6471575C3778598706 /* ipaddress.cpp */ = {isa = PBXFileReference; lastKnownFileType = sourcecode.cpp.cpp; path = ipaddress.cpp; sourceTree = "<group>"; };
		2118CFD7F83DE09ED2F131EF /* ipaddress.hpp */ = {isa = PBXFileReference; lastKnownFileType = text; path = ipaddress.hpp; sourceTree = "<group>"; };
		227889F0408434CB765C0464 /* signaling_server_subthread.hpp */ = {isa = PBXFileReference; lastKnownFileType = text; path = signaling_server_subthread.hpp; sourceTree = "<group>"; };
		22B1C8EB97181159DAAE1BF4 /* common.gypi */ = {isa = PBXFileReference; explicitFileType = sourcecode; name = common.gypi; path = ../../common.gypi; sourceTree = "<group>"; };
		44242FAC9A11D4AFA6E32B2A /* signaling_message_builder.hpp */ = {isa = PBXFileReference; lastKnownFileType = text; path = signaling_message_builder.hpp; sourceTree = "<group>"; };
		44AE6CD98E010C551A5E35EB /* data_stream.cpp */ = {isa = PBXFileReference; lastKnownFileType = sourcecode.cpp.cpp; path = data_stream.cpp; sourceTree = "<group>"; };
		456C81F326303C907B2A347F /* signaling_server_thread.cpp */ = {isa = PBXFileReference; lastKnownFileType = sourcecode.cpp.cpp; path = signaling_server_thread.cpp; sourceTree = "<group>"; };
		506C2B293FA8EA08387795EB /* physical_socket.hpp */ = {isa = PBXFileReference; lastKnownFileType = text; path = physical_socket.hpp; sourceTree = "<group>"; };
		5AAE2C8242EB6C8FEF769AD8 /* dynamic_buffer.cpp */ = {isa = PBXFileReference; lastKnownFileType = sourcecode.cpp.cpp; path = dynamic_buffer.cpp; sourceTree = "<group>"; };
		5BF89FDE5C7E350730C95FED /* network_engine.xcodeproj */ = {isa = PBXFileReference; lastKnownFileType = "wrapper.pb-project"; name = network_engine.xcodeproj; path = ../network/network_engine.xcodeproj; sourceTree = SOURCE_ROOT; };
		608F0D475EBE08A5F317FEAF /* signaling_message_reader.hpp */ = {isa = PBXFileReference; lastKnownFileType = text; path = signaling_message_reader.hpp; sourceTree = "<group>"; };
		64D5ECCD6B7783AB3778C48E /* signaling_message_reader.cpp */ = {isa = PBXFileReference; lastKnownFileType = sourcecode.cpp.cpp; path = signaling_message_reader.cpp; sourceTree = "<group>"; };
		69DB7A79DD3A3780ECDCC255 /* stun_server_thread.hpp */ = {isa = PBXFileReference; lastKnownFileType = text; path = stun_server_thread.hpp; sourceTree = "<group>"; };
		7A4721ED60D01D6829D62F29 /* socket_address.cpp */ = {isa = PBXFileReference; lastKnownFileType = sourcecode.cpp.cpp; path = socket_address.cpp; sourceTree = "<group>"; };
		7CD3AF8937621D6C8D7B81A3 /* signaling_server.hpp */ = {isa = PBXFileReference; lastKnownFileType = text; path = signaling_server.hpp; sourceTree = "<group>"; };
		8838DE66DA158ABDE0D411EE /* libstun_server.a */ = {isa = PBXFileReference; explicitFileType = archive.ar; includeInIndex = 0; path = libstun_server.a; sourceTree = BUILT_PRODUCTS_DIR; };
		8C3D274C85003E27AC5395E5 /* signaling_server_thread.hpp */ = {isa = PBXFileReference; lastKnownFileType = text; path = signaling_server_thread.hpp; sourceTree = "<group>"; };
		8E0B5D287B537BA15E545BB3 /* data_stream.hpp */ = {isa = PBXFileReference; lastKnownFileType = text; path = data_stream.hpp; sourceTree = "<group>"; };
		A8ED27437C685883A07C616D /* stun_server.cpp */ = {isa = PBXFileReference; lastKnownFileType = sourcecode.cpp.cpp; path = stun_server.cpp; sourceTree = "<group>"; };
		AEDCE49788E5BC68C1094ED8 /* server_engine.gyp */ = {isa = PBXFileReference; explicitFileType = sourcecode; path = server_engine.gyp; sourceTree = "<group>"; };
		C4093A2EABFD000710D125C0 /* libsignaling_server.a */ = {isa = PBXFileReference; explicitFileType = archive.ar; includeInIndex = 0; path = libsignaling_server.a; sourceTree = BUILT_PRODUCTS_DIR; };
		C75751B6B5D421A79120C971 /* stun_server_thread.cpp */ = {isa = PBXFileReference; lastKnownFileType = sourcecode.cpp.cpp; path = stun_server_thread.cpp; sourceTree = "<group>"; };
		CD5D9F01EFE8A815BB2BFA41 /* signaling_server_subthread.cpp */ = {isa = PBXFileReference; lastKnownFileType = sourcecode.cpp.cpp; path = signaling_server_subthread.cpp; sourceTree = "<group>"; };
		DB1C058652A49CAA228C20FD /* signaling_message_builder.cpp */ = {isa = PBXFileReference; lastKnownFileType = sourcecode.cpp.cpp; path = signaling_message_builder.cpp; sourceTree = "<group>"; };
		E8FE5283D9A4769A9325E3A1 /* signaling_common.hpp */ = {isa = PBXFileReference; lastKnownFileType = text; path = signaling_common.hpp; sourceTree = "<group>"; };
		F82401C0D05E50B1FDBFF2B1 /* stun_server.hpp */ = {isa = PBXFileReference; lastKnownFileType = text; path = stun_server.hpp; sourceTree = "<group>"; };
/* End PBXFileReference section */

/* Begin PBXFrameworksBuildPhase section */
		4E6170C39C00E7EEFB27E418 /* Frameworks */ = {
			isa = PBXFrameworksBuildPhase;
			buildActionMask = 2147483647;
			files = (
			);
			runOnlyForDeploymentPostprocessing = 0;
		};
		DDA6197666347D67FD7EB0A1 /* Frameworks */ = {
			isa = PBXFrameworksBuildPhase;
			buildActionMask = 2147483647;
			files = (
			);
			runOnlyForDeploymentPostprocessing = 0;
		};
/* End PBXFrameworksBuildPhase section */

/* Begin PBXGroup section */
		0AEDC5852791A94D61EA71CA /* Build */ = {
			isa = PBXGroup;
			children = (
				22B1C8EB97181159DAAE1BF4 /* common.gypi */,
				AEDCE49788E5BC68C1094ED8 /* server_engine.gyp */,
			);
			name = Build;
			sourceTree = "<group>";
		};
		36E8AD2B4653A42EF4E424EC /* Products */ = {
			isa = PBXGroup;
			children = (
				9525FA66FD3758EB83CDD95C /* libnetwork_engine.dylib */,
			);
			name = Products;
			sourceTree = "<group>";
		};
		4164DD5C57415E72D5E49DD6 /* ../network */ = {
			isa = PBXGroup;
			children = (
				44AE6CD98E010C551A5E35EB /* data_stream.cpp */,
				8E0B5D287B537BA15E545BB3 /* data_stream.hpp */,
				5AAE2C8242EB6C8FEF769AD8 /* dynamic_buffer.cpp */,
				020F7C882E04690757DBEF2E /* dynamic_buffer.hpp */,
				166A8E6471575C3778598706 /* ipaddress.cpp */,
				2118CFD7F83DE09ED2F131EF /* ipaddress.hpp */,
				103C5E440EB6AA383821C9CA /* physical_socket.cpp */,
				506C2B293FA8EA08387795EB /* physical_socket.hpp */,
				E8FE5283D9A4769A9325E3A1 /* signaling_common.hpp */,
				DB1C058652A49CAA228C20FD /* signaling_message_builder.cpp */,
				44242FAC9A11D4AFA6E32B2A /* signaling_message_builder.hpp */,
				64D5ECCD6B7783AB3778C48E /* signaling_message_reader.cpp */,
				608F0D475EBE08A5F317FEAF /* signaling_message_reader.hpp */,
				7A4721ED60D01D6829D62F29 /* socket_address.cpp */,
				117F9FD3076B2B56FAA697FE /* socket_address.hpp */,
			);
			path = ../network;
			sourceTree = "<group>";
		};
		6842E3825C17BC6F33C0BD33 /* Projects */ = {
			isa = PBXGroup;
			children = (
				5BF89FDE5C7E350730C95FED /* network_engine.xcodeproj */,
			);
			name = Projects;
			sourceTree = "<group>";
		};
		AC3361AF3ABE2B106513E266 = {
			isa = PBXGroup;
			children = (
				CD6812E3D6C6DD4DB1CC9DC9 /* Source */,
				6842E3825C17BC6F33C0BD33 /* Projects */,
				D37BEDF98483D0BDA8039D05 /* Products */,
				0AEDC5852791A94D61EA71CA /* Build */,
			);
			sourceTree = "<group>";
		};
		CD6812E3D6C6DD4DB1CC9DC9 /* Source */ = {
			isa = PBXGroup;
			children = (
				4164DD5C57415E72D5E49DD6 /* ../network */,
				094CE036D13A37CD1E47B85C /* signaling_server.cpp */,
				7CD3AF8937621D6C8D7B81A3 /* signaling_server.hpp */,
				CD5D9F01EFE8A815BB2BFA41 /* signaling_server_subthread.cpp */,
				227889F0408434CB765C0464 /* signaling_server_subthread.hpp */,
				456C81F326303C907B2A347F /* signaling_server_thread.cpp */,
				8C3D274C85003E27AC5395E5 /* signaling_server_thread.hpp */,
				A8ED27437C685883A07C616D /* stun_server.cpp */,
				F82401C0D05E50B1FDBFF2B1 /* stun_server.hpp */,
				C75751B6B5D421A79120C971 /* stun_server_thread.cpp */,
				69DB7A79DD3A3780ECDCC255 /* stun_server_thread.hpp */,
			);
			name = Source;
			sourceTree = "<group>";
		};
		D37BEDF98483D0BDA8039D05 /* Products */ = {
			isa = PBXGroup;
			children = (
				8838DE66DA158ABDE0D411EE /* libstun_server.a */,
				C4093A2EABFD000710D125C0 /* libsignaling_server.a */,
			);
			name = Products;
			sourceTree = "<group>";
		};
/* End PBXGroup section */

/* Begin PBXNativeTarget section */
		AD07FFD20C2BAE955CD67612 /* libsignaling_server */ = {
			isa = PBXNativeTarget;
			buildConfigurationList = 0DD0F65A4E14D7418159471B /* Build configuration list for PBXNativeTarget "libsignaling_server" */;
			buildPhases = (
				16F94AF47A0745C8B51F63C0 /* Sources */,
				4E6170C39C00E7EEFB27E418 /* Frameworks */,
			);
			buildRules = (
			);
			dependencies = (
			);
			name = libsignaling_server;
			productName = signaling_server;
			productReference = C4093A2EABFD000710D125C0 /* libsignaling_server.a */;
			productType = "com.apple.product-type.library.static";
		};
		F30403C336C5CF9E92E81D4B /* libstun_server */ = {
			isa = PBXNativeTarget;
			buildConfigurationList = 39BD949ED577DACA2F258C68 /* Build configuration list for PBXNativeTarget "libstun_server" */;
			buildPhases = (
				F2C1063BCD205DADB8B55C1C /* Sources */,
				DDA6197666347D67FD7EB0A1 /* Frameworks */,
			);
			buildRules = (
			);
			dependencies = (
				4EB13DA54DC53439B4C1252A /* PBXTargetDependency */,
			);
			name = libstun_server;
			productName = stun_server;
			productReference = 8838DE66DA158ABDE0D411EE /* libstun_server.a */;
			productType = "com.apple.product-type.library.static";
		};
/* End PBXNativeTarget section */

/* Begin PBXProject section */
		D0494C9DDE80A152B9E152C4 /* Project object */ = {
			isa = PBXProject;
			attributes = {
				BuildIndependentTargetsInParallel = YES;
			};
			buildConfigurationList = 3E284928655E8B043242F5F7 /* Build configuration list for PBXProject "server_engine" */;
			compatibilityVersion = "Xcode 3.2";
			hasScannedForEncodings = 1;
			mainGroup = AC3361AF3ABE2B106513E266;
			projectDirPath = "";
			projectReferences = (
				{
					ProductGroup = 36E8AD2B4653A42EF4E424EC /* Products */;
					ProjectRef = 5BF89FDE5C7E350730C95FED /* network_engine.xcodeproj */;
				},
			);
			projectRoot = "";
			targets = (
				69AF5A372FCB2ECE0D38AC7E /* All */,
				F30403C336C5CF9E92E81D4B /* libstun_server */,
				AD07FFD20C2BAE955CD67612 /* libsignaling_server */,
			);
		};
/* End PBXProject section */

/* Begin PBXReferenceProxy section */
		9525FA66FD3758EB83CDD95C /* libnetwork_engine.dylib */ = {
			isa = PBXReferenceProxy;
			fileType = "compiled.mach-o.dylib";
			path = libnetwork_engine.dylib;
			remoteRef = A854ABEE4C3098A644AA8D4E /* PBXContainerItemProxy */;
			sourceTree = BUILT_PRODUCTS_DIR;
		};
/* End PBXReferenceProxy section */

/* Begin PBXSourcesBuildPhase section */
		16F94AF47A0745C8B51F63C0 /* Sources */ = {
			isa = PBXSourcesBuildPhase;
			buildActionMask = 2147483647;
			files = (
				55A0E77E4C0EC49DBCDFF720 /* signaling_server.cpp in Sources */,
				E89E68B919BB318C534412CF /* signaling_server_thread.cpp in Sources */,
				484A6D80ACB8AA7CD5E41156 /* signaling_server_subthread.cpp in Sources */,
				20E685D5D9AF237434B6AF35 /* dynamic_buffer.cpp in Sources */,
				F2C3F6168A548F9D88E6128B /* data_stream.cpp in Sources */,
				F8B4A4C1265308C03144EB0C /* ipaddress.cpp in Sources */,
				8AF8C14C39361630A67FBB0A /* socket_address.cpp in Sources */,
				8B4D8F2B98E776538BCB0C86 /* physical_socket.cpp in Sources */,
				99C65830AEA3CDA57FEE4760 /* signaling_message_builder.cpp in Sources */,
				CB0B46D09CB068203E71F7A4 /* signaling_message_reader.cpp in Sources */,
			);
			runOnlyForDeploymentPostprocessing = 0;
		};
		F2C1063BCD205DADB8B55C1C /* Sources */ = {
			isa = PBXSourcesBuildPhase;
			buildActionMask = 2147483647;
			files = (
				4DCA32AF7C93437C86B8AA9F /* stun_server.cpp in Sources */,
				3A68FF18BF5EEB858A0870E1 /* stun_server_thread.cpp in Sources */,
			);
			runOnlyForDeploymentPostprocessing = 0;
		};
/* End PBXSourcesBuildPhase section */

/* Begin PBXTargetDependency section */
		0269BDC89C1BC86A997F4F6A /* PBXTargetDependency */ = {
			isa = PBXTargetDependency;
			target = AD07FFD20C2BAE955CD67612 /* libsignaling_server */;
			targetProxy = FC379B30360D48F81B3F0EC0 /* PBXContainerItemProxy */;
		};
		4EB13DA54DC53439B4C1252A /* PBXTargetDependency */ = {
			isa = PBXTargetDependency;
			name = network_engine;
			targetProxy = 1527D46C162F42CE65DB9E0D /* PBXContainerItemProxy */;
		};
		89714C5E3E596ABE6319AEB2 /* PBXTargetDependency */ = {
			isa = PBXTargetDependency;
			target = F30403C336C5CF9E92E81D4B /* libstun_server */;
			targetProxy = 416C50EBAD881F7C0C59130E /* PBXContainerItemProxy */;
		};
/* End PBXTargetDependency section */

/* Begin XCBuildConfiguration section */
		A261B22E675E6CCBF3D3566C /* Default */ = {
			isa = XCBuildConfiguration;
			buildSettings = {
				EXECUTABLE_PREFIX = lib;
				GCC_PREPROCESSOR_DEFINITIONS = __APPLE_USE_RFC_3542;
				HEADER_SEARCH_PATHS = (
					../include,
					../thread,
					../network,
					../misc,
				);
				OTHER_CPLUSPLUSFLAGS = "-std=c++11";
				PRODUCT_NAME = signaling_server;
			};
			name = Default;
		};
		ABBA975B87B26086A8EB9BC8 /* Default */ = {
			isa = XCBuildConfiguration;
			buildSettings = {
				PRODUCT_NAME = All;
			};
			name = Default;
		};
		C3886434F79A0DB79047D174 /* Default */ = {
			isa = XCBuildConfiguration;
			buildSettings = {
				EXECUTABLE_PREFIX = lib;
				HEADER_SEARCH_PATHS = (
					../include,
					../thread,
					../network,
					../misc,
				);
				PRODUCT_NAME = stun_server;
			};
			name = Default;
		};
		F0CC203F014C67C413B7CC9B /* Default */ = {
			isa = XCBuildConfiguration;
			buildSettings = {
				INTERMEDIATE_DIR = "$(PROJECT_DERIVED_FILE_DIR)/$(CONFIGURATION)";
				SHARED_INTERMEDIATE_DIR = "$(SYMROOT)/DerivedSources/$(CONFIGURATION)";
			};
			name = Default;
		};
/* End XCBuildConfiguration section */

/* Begin XCConfigurationList section */
		0DD0F65A4E14D7418159471B /* Build configuration list for PBXNativeTarget "libsignaling_server" */ = {
			isa = XCConfigurationList;
			buildConfigurations = (
				A261B22E675E6CCBF3D3566C /* Default */,
			);
			defaultConfigurationIsVisible = 1;
			defaultConfigurationName = Default;
		};
		39BD949ED577DACA2F258C68 /* Build configuration list for PBXNativeTarget "libstun_server" */ = {
			isa = XCConfigurationList;
			buildConfigurations = (
				C3886434F79A0DB79047D174 /* Default */,
			);
			defaultConfigurationIsVisible = 1;
			defaultConfigurationName = Default;
		};
		3E284928655E8B043242F5F7 /* Build configuration list for PBXProject "server_engine" */ = {
			isa = XCConfigurationList;
			buildConfigurations = (
				F0CC203F014C67C413B7CC9B /* Default */,
			);
			defaultConfigurationIsVisible = 1;
			defaultConfigurationName = Default;
		};
		CFFD20609806FA7A46E586CC /* Build configuration list for PBXAggregateTarget "All" */ = {
			isa = XCConfigurationList;
			buildConfigurations = (
				ABBA975B87B26086A8EB9BC8 /* Default */,
			);
			defaultConfigurationIsVisible = 1;
			defaultConfigurationName = Default;
		};
/* End XCConfigurationList section */
	};
	rootObject = D0494C9DDE80A152B9E152C4 /* Project object */;
}
