// !$*UTF8*$!
{
	archiveVersion = 1;
	classes = {
	};
	objectVersion = 46;
	objects = {

/* Begin PBXBuildFile section */
		D9250F381AC558DB00858FF5 /* AppDelegate.m in Sources */ = {isa = PBXBuildFile; fileRef = D9250F371AC558DB00858FF5 /* AppDelegate.m */; };
		D9250F3A1AC558DB00858FF5 /* main.m in Sources */ = {isa = PBXBuildFile; fileRef = D9250F391AC558DB00858FF5 /* main.m */; };
		D9250F3D1AC558DB00858FF5 /* ViewController.mm in Sources */ = {isa = PBXBuildFile; fileRef = D9250F3C1AC558DB00858FF5 /* ViewController.mm */; };
		D9250F401AC558DB00858FF5 /* Document.mm in Sources */ = {isa = PBXBuildFile; fileRef = D9250F3F1AC558DB00858FF5 /* Document.mm */; };
		D9250F421AC558DB00858FF5 /* Images.xcassets in Resources */ = {isa = PBXBuildFile; fileRef = D9250F411AC558DB00858FF5 /* Images.xcassets */; };
		D9250F451AC558DB00858FF5 /* Main.storyboard in Resources */ = {isa = PBXBuildFile; fileRef = D9250F431AC558DB00858FF5 /* Main.storyboard */; };
		D9250F511AC558DB00858FF5 /* OPPVSClientTests.m in Sources */ = {isa = PBXBuildFile; fileRef = D9250F501AC558DB00858FF5 /* OPPVSClientTests.m */; };
		D93A2C911B099FC800587EB4 /* libOPPVSRendering.dylib in Frameworks */ = {isa = PBXBuildFile; fileRef = D93A2C901B099FC800587EB4 /* libOPPVSRendering.dylib */; };
		D970FAD81B00B82D005AF09E /* libstreaming.so in Frameworks */ = {isa = PBXBuildFile; fileRef = D970FAD71B00B82D005AF09E /* libstreaming.so */; };
		D970FADA1B00BD40005AF09E /* libnetworkengine.so in Frameworks */ = {isa = PBXBuildFile; fileRef = D970FAD91B00BD40005AF09E /* libnetworkengine.so */; };
		D995B9BD1BC799AD00FBF06B /* libthread_engine.dylib in Frameworks */ = {isa = PBXBuildFile; fileRef = D995B9BC1BC799AD00FBF06B /* libthread_engine.dylib */; };
		D995B9BF1BC799B700FBF06B /* libaudio_engine.dylib in Frameworks */ = {isa = PBXBuildFile; fileRef = D995B9BE1BC799B700FBF06B /* libaudio_engine.dylib */; };
		D9FD72F51B86F92500AF2E71 /* libOPPVSRendering.dylib in CopyFiles */ = {isa = PBXBuildFile; fileRef = D93A2C901B099FC800587EB4 /* libOPPVSRendering.dylib */; settings = {ATTRIBUTES = (CodeSignOnCopy, ); }; };
		D9FD72F71B86FA5200AF2E71 /* libnetworkengine.so in CopyFiles */ = {isa = PBXBuildFile; fileRef = D970FAD91B00BD40005AF09E /* libnetworkengine.so */; settings = {ATTRIBUTES = (CodeSignOnCopy, ); }; };
		D9FD72F81B86FA5200AF2E71 /* libstreaming.so in CopyFiles */ = {isa = PBXBuildFile; fileRef = D970FAD71B00B82D005AF09E /* libstreaming.so */; settings = {ATTRIBUTES = (CodeSignOnCopy, ); }; };
		D9FD72FA1B86FBEC00AF2E71 /* libmisc.so in Frameworks */ = {isa = PBXBuildFile; fileRef = D9FD72F91B86FBEC00AF2E71 /* libmisc.so */; };
		D9FD72FC1B86FEBA00AF2E71 /* libmisc.so in CopyFiles */ = {isa = PBXBuildFile; fileRef = D9FD72F91B86FBEC00AF2E71 /* libmisc.so */; settings = {ATTRIBUTES = (CodeSignOnCopy, ); }; };
		D9FD72FE1B86FF9E00AF2E71 /* libmisccpp.so in Frameworks */ = {isa = PBXBuildFile; fileRef = D9FD72FD1B86FF9E00AF2E71 /* libmisccpp.so */; };
		D9FD72FF1B86FFA400AF2E71 /* libmisccpp.so in CopyFiles */ = {isa = PBXBuildFile; fileRef = D9FD72FD1B86FF9E00AF2E71 /* libmisccpp.so */; settings = {ATTRIBUTES = (CodeSignOnCopy, ); }; };
		D9FD73021B87006100AF2E71 /* libthreadengine.so in CopyFiles */ = {isa = PBXBuildFile; fileRef = D9FD73001B87005C00AF2E71 /* libthreadengine.so */; settings = {ATTRIBUTES = (CodeSignOnCopy, ); }; };
		D9FD73041B87011800AF2E71 /* libnice.10.dylib in Frameworks */ = {isa = PBXBuildFile; fileRef = D9FD73031B87011800AF2E71 /* libnice.10.dylib */; };
		D9FD73051B87011E00AF2E71 /* libnice.10.dylib in CopyFiles */ = {isa = PBXBuildFile; fileRef = D9FD73031B87011800AF2E71 /* libnice.10.dylib */; settings = {ATTRIBUTES = (CodeSignOnCopy, ); }; };
		D9FD73071B87024700AF2E71 /* libencodingengine.so in Frameworks */ = {isa = PBXBuildFile; fileRef = D9FD73061B87024700AF2E71 /* libencodingengine.so */; };
		D9FD73081B87024D00AF2E71 /* libencodingengine.so in CopyFiles */ = {isa = PBXBuildFile; fileRef = D9FD73061B87024700AF2E71 /* libencodingengine.so */; settings = {ATTRIBUTES = (CodeSignOnCopy, ); }; };
		D9FD730B1B8702A600AF2E71 /* libvpx.a in Frameworks */ = {isa = PBXBuildFile; fileRef = D9FD73091B8702A600AF2E71 /* libvpx.a */; };
		D9FD730C1B8702A600AF2E71 /* libyuv.a in Frameworks */ = {isa = PBXBuildFile; fileRef = D9FD730A1B8702A600AF2E71 /* libyuv.a */; };
		D9FD730D1B8702AD00AF2E71 /* libvpx.a in CopyFiles */ = {isa = PBXBuildFile; fileRef = D9FD73091B8702A600AF2E71 /* libvpx.a */; settings = {ATTRIBUTES = (CodeSignOnCopy, ); }; };
		D9FD730E1B8702AD00AF2E71 /* libyuv.a in CopyFiles */ = {isa = PBXBuildFile; fileRef = D9FD730A1B8702A600AF2E71 /* libyuv.a */; settings = {ATTRIBUTES = (CodeSignOnCopy, ); }; };
		D9FD73111B870CE100AF2E71 /* libgio-2.0.0.dylib in Frameworks */ = {isa = PBXBuildFile; fileRef = D9FD730F1B870CE100AF2E71 /* libgio-2.0.0.dylib */; settings = {ATTRIBUTES = (Weak, ); }; };
		D9FD73121B870CE100AF2E71 /* libglib-2.0.0.dylib in Frameworks */ = {isa = PBXBuildFile; fileRef = D9FD73101B870CE100AF2E71 /* libglib-2.0.0.dylib */; settings = {ATTRIBUTES = (Weak, ); }; };
		D9FD73161B870D1600AF2E71 /* libgobject-2.0.0.dylib in Frameworks */ = {isa = PBXBuildFile; fileRef = D9FD73131B870D1600AF2E71 /* libgobject-2.0.0.dylib */; settings = {ATTRIBUTES = (Weak, ); }; };
		D9FD73171B870D1600AF2E71 /* libgthread-2.0.0.dylib in Frameworks */ = {isa = PBXBuildFile; fileRef = D9FD73141B870D1600AF2E71 /* libgthread-2.0.0.dylib */; settings = {ATTRIBUTES = (Weak, ); }; };
		D9FD73181B870D1600AF2E71 /* libintl.8.dylib in Frameworks */ = {isa = PBXBuildFile; fileRef = D9FD73151B870D1600AF2E71 /* libintl.8.dylib */; settings = {ATTRIBUTES = (Weak, ); }; };
		D9FD73191B870D2D00AF2E71 /* libgobject-2.0.0.dylib in CopyFiles */ = {isa = PBXBuildFile; fileRef = D9FD73131B870D1600AF2E71 /* libgobject-2.0.0.dylib */; settings = {ATTRIBUTES = (CodeSignOnCopy, ); }; };
		D9FD731A1B870D2D00AF2E71 /* libgthread-2.0.0.dylib in CopyFiles */ = {isa = PBXBuildFile; fileRef = D9FD73141B870D1600AF2E71 /* libgthread-2.0.0.dylib */; settings = {ATTRIBUTES = (CodeSignOnCopy, ); }; };
		D9FD731B1B870D2D00AF2E71 /* libintl.8.dylib in CopyFiles */ = {isa = PBXBuildFile; fileRef = D9FD73151B870D1600AF2E71 /* libintl.8.dylib */; settings = {ATTRIBUTES = (CodeSignOnCopy, ); }; };
		D9FD731C1B870D2D00AF2E71 /* libgio-2.0.0.dylib in CopyFiles */ = {isa = PBXBuildFile; fileRef = D9FD730F1B870CE100AF2E71 /* libgio-2.0.0.dylib */; settings = {ATTRIBUTES = (CodeSignOnCopy, ); }; };
		D9FD731D1B870D2D00AF2E71 /* libglib-2.0.0.dylib in CopyFiles */ = {isa = PBXBuildFile; fileRef = D9FD73101B870CE100AF2E71 /* libglib-2.0.0.dylib */; settings = {ATTRIBUTES = (CodeSignOnCopy, ); }; };
		D9FD731F1B8711E100AF2E71 /* libgmodule-2.0.0.dylib in Frameworks */ = {isa = PBXBuildFile; fileRef = D9FD731E1B8711E100AF2E71 /* libgmodule-2.0.0.dylib */; };
		D9FD73211B87126900AF2E71 /* libffi.6.dylib in Frameworks */ = {isa = PBXBuildFile; fileRef = D9FD73201B87126900AF2E71 /* libffi.6.dylib */; };
		D9FD73221B8712AF00AF2E71 /* libffi.6.dylib in CopyFiles */ = {isa = PBXBuildFile; fileRef = D9FD73201B87126900AF2E71 /* libffi.6.dylib */; settings = {ATTRIBUTES = (CodeSignOnCopy, ); }; };
		D9FD73231B8712AF00AF2E71 /* libgmodule-2.0.0.dylib in CopyFiles */ = {isa = PBXBuildFile; fileRef = D9FD731E1B8711E100AF2E71 /* libgmodule-2.0.0.dylib */; settings = {ATTRIBUTES = (CodeSignOnCopy, ); }; };
/* End PBXBuildFile section */

/* Begin PBXContainerItemProxy section */
		D9250F4B1AC558DB00858FF5 /* PBXContainerItemProxy */ = {
			isa = PBXContainerItemProxy;
			containerPortal = D9250F291AC558DB00858FF5 /* Project object */;
			proxyType = 1;
			remoteGlobalIDString = D9250F301AC558DB00858FF5;
			remoteInfo = OPPVSClient;
		};
/* End PBXContainerItemProxy section */

/* Begin PBXCopyFilesBuildPhase section */
		D9FD72F41B86F91700AF2E71 /* CopyFiles */ = {
			isa = PBXCopyFilesBuildPhase;
			buildActionMask = 2147483647;
			dstPath = "";
			dstSubfolderSpec = 10;
			files = (
				D9FD73221B8712AF00AF2E71 /* libffi.6.dylib in CopyFiles */,
				D9FD73231B8712AF00AF2E71 /* libgmodule-2.0.0.dylib in CopyFiles */,
				D9FD73191B870D2D00AF2E71 /* libgobject-2.0.0.dylib in CopyFiles */,
				D9FD731A1B870D2D00AF2E71 /* libgthread-2.0.0.dylib in CopyFiles */,
				D9FD731B1B870D2D00AF2E71 /* libintl.8.dylib in CopyFiles */,
				D9FD731C1B870D2D00AF2E71 /* libgio-2.0.0.dylib in CopyFiles */,
				D9FD731D1B870D2D00AF2E71 /* libglib-2.0.0.dylib in CopyFiles */,
				D9FD730D1B8702AD00AF2E71 /* libvpx.a in CopyFiles */,
				D9FD730E1B8702AD00AF2E71 /* libyuv.a in CopyFiles */,
				D9FD73081B87024D00AF2E71 /* libencodingengine.so in CopyFiles */,
				D9FD73051B87011E00AF2E71 /* libnice.10.dylib in CopyFiles */,
				D9FD73021B87006100AF2E71 /* libthreadengine.so in CopyFiles */,
				D9FD72FF1B86FFA400AF2E71 /* libmisccpp.so in CopyFiles */,
				D9FD72FC1B86FEBA00AF2E71 /* libmisc.so in CopyFiles */,
				D9FD72F71B86FA5200AF2E71 /* libnetworkengine.so in CopyFiles */,
				D9FD72F81B86FA5200AF2E71 /* libstreaming.so in CopyFiles */,
				D9FD72F51B86F92500AF2E71 /* libOPPVSRendering.dylib in CopyFiles */,
			);
			runOnlyForDeploymentPostprocessing = 0;
		};
/* End PBXCopyFilesBuildPhase section */

/* Begin PBXFileReference section */
		D9230F3D1BC76BDF00518664 /* libaudioengine.so */ = {isa = PBXFileReference; lastKnownFileType = "compiled.mach-o.dylib"; name = libaudioengine.so; path = ../../../libs/libaudioengine.so; sourceTree = "<group>"; };
		D9230F3F1BC778C600518664 /* libaudio_engine.dylib */ = {isa = PBXFileReference; lastKnownFileType = "compiled.mach-o.dylib"; name = libaudio_engine.dylib; path = "../../../../../../Library/Developer/Xcode/DerivedData/macgui-fpalbqwnkaknjvepwlnylsrwljda/Build/Products/Default/libaudio_engine.dylib"; sourceTree = "<group>"; };
		D9250F311AC558DB00858FF5 /* OPPVSClient.app */ = {isa = PBXFileReference; explicitFileType = wrapper.application; includeInIndex = 0; path = OPPVSClient.app; sourceTree = BUILT_PRODUCTS_DIR; };
		D9250F351AC558DB00858FF5 /* Info.plist */ = {isa = PBXFileReference; lastKnownFileType = text.plist.xml; path = Info.plist; sourceTree = "<group>"; };
		D9250F361AC558DB00858FF5 /* AppDelegate.h */ = {isa = PBXFileReference; lastKnownFileType = sourcecode.c.h; path = AppDelegate.h; sourceTree = "<group>"; };
		D9250F371AC558DB00858FF5 /* AppDelegate.m */ = {isa = PBXFileReference; lastKnownFileType = sourcecode.c.objc; path = AppDelegate.m; sourceTree = "<group>"; };
		D9250F391AC558DB00858FF5 /* main.m */ = {isa = PBXFileReference; lastKnownFileType = sourcecode.c.objc; path = main.m; sourceTree = "<group>"; };
		D9250F3B1AC558DB00858FF5 /* ViewController.h */ = {isa = PBXFileReference; lastKnownFileType = sourcecode.c.h; path = ViewController.h; sourceTree = "<group>"; };
		D9250F3C1AC558DB00858FF5 /* ViewController.mm */ = {isa = PBXFileReference; lastKnownFileType = sourcecode.cpp.objcpp; path = ViewController.mm; sourceTree = "<group>"; };
		D9250F3E1AC558DB00858FF5 /* Document.h */ = {isa = PBXFileReference; lastKnownFileType = sourcecode.c.h; path = Document.h; sourceTree = "<group>"; };
		D9250F3F1AC558DB00858FF5 /* Document.mm */ = {isa = PBXFileReference; lastKnownFileType = sourcecode.cpp.objcpp; path = Document.mm; sourceTree = "<group>"; };
		D9250F411AC558DB00858FF5 /* Images.xcassets */ = {isa = PBXFileReference; lastKnownFileType = folder.assetcatalog; path = Images.xcassets; sourceTree = "<group>"; };
		D9250F441AC558DB00858FF5 /* Base */ = {isa = PBXFileReference; lastKnownFileType = file.storyboard; name = Base; path = Base.lproj/Main.storyboard; sourceTree = "<group>"; };
		D9250F4A1AC558DB00858FF5 /* OPPVSClientTests.xctest */ = {isa = PBXFileReference; explicitFileType = wrapper.cfbundle; includeInIndex = 0; path = OPPVSClientTests.xctest; sourceTree = BUILT_PRODUCTS_DIR; };
		D9250F4F1AC558DB00858FF5 /* Info.plist */ = {isa = PBXFileReference; lastKnownFileType = text.plist.xml; path = Info.plist; sourceTree = "<group>"; };
		D9250F501AC558DB00858FF5 /* OPPVSClientTests.m */ = {isa = PBXFileReference; lastKnownFileType = sourcecode.c.objc; path = OPPVSClientTests.m; sourceTree = "<group>"; };
		D93A2C901B099FC800587EB4 /* libOPPVSRendering.dylib */ = {isa = PBXFileReference; lastKnownFileType = "compiled.mach-o.dylib"; name = libOPPVSRendering.dylib; path = "../../../../../../Library/Developer/Xcode/DerivedData/macgui-fpalbqwnkaknjvepwlnylsrwljda/Build/Products/Debug/libOPPVSRendering.dylib"; sourceTree = "<group>"; };
		D94F94051BC77E740031543D /* libthread_engine.dylib */ = {isa = PBXFileReference; lastKnownFileType = "compiled.mach-o.dylib"; name = libthread_engine.dylib; path = "../../../../../../Library/Developer/Xcode/DerivedData/macgui-fpalbqwnkaknjvepwlnylsrwljda/Build/Products/Default/libthread_engine.dylib"; sourceTree = "<group>"; };
		D970FAD71B00B82D005AF09E /* libstreaming.so */ = {isa = PBXFileReference; lastKnownFileType = "compiled.mach-o.dylib"; name = libstreaming.so; path = ../../../libs/libstreaming.so; sourceTree = "<group>"; };
		D970FAD91B00BD40005AF09E /* libnetworkengine.so */ = {isa = PBXFileReference; lastKnownFileType = "compiled.mach-o.dylib"; name = libnetworkengine.so; path = ../../../libs/libnetworkengine.so; sourceTree = "<group>"; };
		D995B9BC1BC799AD00FBF06B /* libthread_engine.dylib */ = {isa = PBXFileReference; lastKnownFileType = "compiled.mach-o.dylib"; name = libthread_engine.dylib; path = "../../../../../../Library/Developer/Xcode/DerivedData/macgui-fpalbqwnkaknjvepwlnylsrwljda/Build/Products/Debug/libthread_engine.dylib"; sourceTree = "<group>"; };
		D995B9BE1BC799B700FBF06B /* libaudio_engine.dylib */ = {isa = PBXFileReference; lastKnownFileType = "compiled.mach-o.dylib"; name = libaudio_engine.dylib; path = "../../../../../../Library/Developer/Xcode/DerivedData/macgui-fpalbqwnkaknjvepwlnylsrwljda/Build/Products/Debug/libaudio_engine.dylib"; sourceTree = "<group>"; };
		D9FD72F91B86FBEC00AF2E71 /* libmisc.so */ = {isa = PBXFileReference; lastKnownFileType = "compiled.mach-o.dylib"; name = libmisc.so; path = ../../../libs/libmisc.so; sourceTree = "<group>"; };
		D9FD72FD1B86FF9E00AF2E71 /* libmisccpp.so */ = {isa = PBXFileReference; lastKnownFileType = "compiled.mach-o.dylib"; name = libmisccpp.so; path = ../../../libs/libmisccpp.so; sourceTree = "<group>"; };
		D9FD73001B87005C00AF2E71 /* libthreadengine.so */ = {isa = PBXFileReference; lastKnownFileType = "compiled.mach-o.dylib"; name = libthreadengine.so; path = ../../../libs/libthreadengine.so; sourceTree = "<group>"; };
		D9FD73031B87011800AF2E71 /* libnice.10.dylib */ = {isa = PBXFileReference; lastKnownFileType = "compiled.mach-o.dylib"; name = libnice.10.dylib; path = ../../../libs/libnice.10.dylib; sourceTree = "<group>"; };
		D9FD73061B87024700AF2E71 /* libencodingengine.so */ = {isa = PBXFileReference; lastKnownFileType = "compiled.mach-o.dylib"; name = libencodingengine.so; path = ../../../libs/libencodingengine.so; sourceTree = "<group>"; };
		D9FD73091B8702A600AF2E71 /* libvpx.a */ = {isa = PBXFileReference; lastKnownFileType = archive.ar; name = libvpx.a; path = ../../../libs/libvpx.a; sourceTree = "<group>"; };
		D9FD730A1B8702A600AF2E71 /* libyuv.a */ = {isa = PBXFileReference; lastKnownFileType = archive.ar; name = libyuv.a; path = ../../../libs/libyuv.a; sourceTree = "<group>"; };
		D9FD730F1B870CE100AF2E71 /* libgio-2.0.0.dylib */ = {isa = PBXFileReference; lastKnownFileType = "compiled.mach-o.dylib"; name = "libgio-2.0.0.dylib"; path = "/usr/local/lib/libgio-2.0.0.dylib"; sourceTree = "<absolute>"; };
		D9FD73101B870CE100AF2E71 /* libglib-2.0.0.dylib */ = {isa = PBXFileReference; lastKnownFileType = "compiled.mach-o.dylib"; name = "libglib-2.0.0.dylib"; path = "/usr/local/lib/libglib-2.0.0.dylib"; sourceTree = "<absolute>"; };
		D9FD73131B870D1600AF2E71 /* libgobject-2.0.0.dylib */ = {isa = PBXFileReference; lastKnownFileType = "compiled.mach-o.dylib"; name = "libgobject-2.0.0.dylib"; path = "/usr/local/lib/libgobject-2.0.0.dylib"; sourceTree = "<absolute>"; };
		D9FD73141B870D1600AF2E71 /* libgthread-2.0.0.dylib */ = {isa = PBXFileReference; lastKnownFileType = "compiled.mach-o.dylib"; name = "libgthread-2.0.0.dylib"; path = "/usr/local/lib/libgthread-2.0.0.dylib"; sourceTree = "<absolute>"; };
		D9FD73151B870D1600AF2E71 /* libintl.8.dylib */ = {isa = PBXFileReference; lastKnownFileType = "compiled.mach-o.dylib"; name = libintl.8.dylib; path = /usr/local/lib/libintl.8.dylib; sourceTree = "<absolute>"; };
		D9FD731E1B8711E100AF2E71 /* libgmodule-2.0.0.dylib */ = {isa = PBXFileReference; lastKnownFileType = "compiled.mach-o.dylib"; name = "libgmodule-2.0.0.dylib"; path = "/usr/local/lib/libgmodule-2.0.0.dylib"; sourceTree = "<absolute>"; };
		D9FD73201B87126900AF2E71 /* libffi.6.dylib */ = {isa = PBXFileReference; lastKnownFileType = "compiled.mach-o.dylib"; name = libffi.6.dylib; path = /usr/local/lib/libffi.6.dylib; sourceTree = "<absolute>"; };
/* End PBXFileReference section */

/* Begin PBXFrameworksBuildPhase section */
		D9250F2E1AC558DB00858FF5 /* Frameworks */ = {
			isa = PBXFrameworksBuildPhase;
			buildActionMask = 2147483647;
			files = (
				D995B9BF1BC799B700FBF06B /* libaudio_engine.dylib in Frameworks */,
				D995B9BD1BC799AD00FBF06B /* libthread_engine.dylib in Frameworks */,
				D9FD73211B87126900AF2E71 /* libffi.6.dylib in Frameworks */,
				D9FD731F1B8711E100AF2E71 /* libgmodule-2.0.0.dylib in Frameworks */,
				D9FD73161B870D1600AF2E71 /* libgobject-2.0.0.dylib in Frameworks */,
				D9FD73171B870D1600AF2E71 /* libgthread-2.0.0.dylib in Frameworks */,
				D9FD73181B870D1600AF2E71 /* libintl.8.dylib in Frameworks */,
				D9FD73111B870CE100AF2E71 /* libgio-2.0.0.dylib in Frameworks */,
				D9FD73121B870CE100AF2E71 /* libglib-2.0.0.dylib in Frameworks */,
				D9FD73071B87024700AF2E71 /* libencodingengine.so in Frameworks */,
				D9FD72FE1B86FF9E00AF2E71 /* libmisccpp.so in Frameworks */,
				D9FD730C1B8702A600AF2E71 /* libyuv.a in Frameworks */,
				D93A2C911B099FC800587EB4 /* libOPPVSRendering.dylib in Frameworks */,
				D9FD73041B87011800AF2E71 /* libnice.10.dylib in Frameworks */,
				D9FD72FA1B86FBEC00AF2E71 /* libmisc.so in Frameworks */,
				D9FD730B1B8702A600AF2E71 /* libvpx.a in Frameworks */,
				D970FADA1B00BD40005AF09E /* libnetworkengine.so in Frameworks */,
				D970FAD81B00B82D005AF09E /* libstreaming.so in Frameworks */,
			);
			runOnlyForDeploymentPostprocessing = 0;
		};
		D9250F471AC558DB00858FF5 /* Frameworks */ = {
			isa = PBXFrameworksBuildPhase;
			buildActionMask = 2147483647;
			files = (
			);
			runOnlyForDeploymentPostprocessing = 0;
		};
/* End PBXFrameworksBuildPhase section */

/* Begin PBXGroup section */
		D9250F281AC558DB00858FF5 = {
			isa = PBXGroup;
			children = (
				D9FD73241B8ABEC800AF2E71 /* Frameworks */,
				D9250F331AC558DB00858FF5 /* OPPVSClient */,
				D9250F4D1AC558DB00858FF5 /* OPPVSClientTests */,
				D9250F321AC558DB00858FF5 /* Products */,
			);
			sourceTree = "<group>";
		};
		D9250F321AC558DB00858FF5 /* Products */ = {
			isa = PBXGroup;
			children = (
				D9250F311AC558DB00858FF5 /* OPPVSClient.app */,
				D9250F4A1AC558DB00858FF5 /* OPPVSClientTests.xctest */,
			);
			name = Products;
			sourceTree = "<group>";
		};
		D9250F331AC558DB00858FF5 /* OPPVSClient */ = {
			isa = PBXGroup;
			children = (
				D9250F361AC558DB00858FF5 /* AppDelegate.h */,
				D9250F371AC558DB00858FF5 /* AppDelegate.m */,
				D9250F3B1AC558DB00858FF5 /* ViewController.h */,
				D9250F3C1AC558DB00858FF5 /* ViewController.mm */,
				D9250F3E1AC558DB00858FF5 /* Document.h */,
				D9250F3F1AC558DB00858FF5 /* Document.mm */,
				D9250F411AC558DB00858FF5 /* Images.xcassets */,
				D9250F431AC558DB00858FF5 /* Main.storyboard */,
				D9250F341AC558DB00858FF5 /* Supporting Files */,
			);
			path = OPPVSClient;
			sourceTree = "<group>";
		};
		D9250F341AC558DB00858FF5 /* Supporting Files */ = {
			isa = PBXGroup;
			children = (
				D9250F351AC558DB00858FF5 /* Info.plist */,
				D9250F391AC558DB00858FF5 /* main.m */,
			);
			name = "Supporting Files";
			sourceTree = "<group>";
		};
		D9250F4D1AC558DB00858FF5 /* OPPVSClientTests */ = {
			isa = PBXGroup;
			children = (
				D9250F501AC558DB00858FF5 /* OPPVSClientTests.m */,
				D9250F4E1AC558DB00858FF5 /* Supporting Files */,
			);
			path = OPPVSClientTests;
			sourceTree = "<group>";
		};
		D9250F4E1AC558DB00858FF5 /* Supporting Files */ = {
			isa = PBXGroup;
			children = (
				D9250F4F1AC558DB00858FF5 /* Info.plist */,
			);
			name = "Supporting Files";
			sourceTree = "<group>";
		};
		D9FD73241B8ABEC800AF2E71 /* Frameworks */ = {
			isa = PBXGroup;
			children = (
				D995B9BE1BC799B700FBF06B /* libaudio_engine.dylib */,
				D995B9BC1BC799AD00FBF06B /* libthread_engine.dylib */,
				D94F94051BC77E740031543D /* libthread_engine.dylib */,
				D9230F3F1BC778C600518664 /* libaudio_engine.dylib */,
				D9230F3D1BC76BDF00518664 /* libaudioengine.so */,
				D9FD73201B87126900AF2E71 /* libffi.6.dylib */,
				D9FD731E1B8711E100AF2E71 /* libgmodule-2.0.0.dylib */,
				D9FD73131B870D1600AF2E71 /* libgobject-2.0.0.dylib */,
				D9FD73141B870D1600AF2E71 /* libgthread-2.0.0.dylib */,
				D9FD73151B870D1600AF2E71 /* libintl.8.dylib */,
				D9FD730F1B870CE100AF2E71 /* libgio-2.0.0.dylib */,
				D9FD73101B870CE100AF2E71 /* libglib-2.0.0.dylib */,
				D9FD73091B8702A600AF2E71 /* libvpx.a */,
				D9FD730A1B8702A600AF2E71 /* libyuv.a */,
				D9FD73061B87024700AF2E71 /* libencodingengine.so */,
				D9FD73031B87011800AF2E71 /* libnice.10.dylib */,
				D9FD73001B87005C00AF2E71 /* libthreadengine.so */,
				D9FD72FD1B86FF9E00AF2E71 /* libmisccpp.so */,
				D9FD72F91B86FBEC00AF2E71 /* libmisc.so */,
				D93A2C901B099FC800587EB4 /* libOPPVSRendering.dylib */,
				D970FAD91B00BD40005AF09E /* libnetworkengine.so */,
				D970FAD71B00B82D005AF09E /* libstreaming.so */,
			);
			name = Frameworks;
			sourceTree = "<group>";
		};
/* End PBXGroup section */

/* Begin PBXNativeTarget section */
		D9250F301AC558DB00858FF5 /* OPPVSClient */ = {
			isa = PBXNativeTarget;
			buildConfigurationList = D9250F541AC558DB00858FF5 /* Build configuration list for PBXNativeTarget "OPPVSClient" */;
			buildPhases = (
				D9250F2D1AC558DB00858FF5 /* Sources */,
				D9250F2E1AC558DB00858FF5 /* Frameworks */,
				D9250F2F1AC558DB00858FF5 /* Resources */,
				D9FD72F41B86F91700AF2E71 /* CopyFiles */,
				D9FD72F61B86F94600AF2E71 /* ShellScript */,
			);
			buildRules = (
			);
			dependencies = (
			);
			name = OPPVSClient;
			productName = OPPVSClient;
			productReference = D9250F311AC558DB00858FF5 /* OPPVSClient.app */;
			productType = "com.apple.product-type.application";
		};
		D9250F491AC558DB00858FF5 /* OPPVSClientTests */ = {
			isa = PBXNativeTarget;
			buildConfigurationList = D9250F571AC558DB00858FF5 /* Build configuration list for PBXNativeTarget "OPPVSClientTests" */;
			buildPhases = (
				D9250F461AC558DB00858FF5 /* Sources */,
				D9250F471AC558DB00858FF5 /* Frameworks */,
				D9250F481AC558DB00858FF5 /* Resources */,
			);
			buildRules = (
			);
			dependencies = (
				D9250F4C1AC558DB00858FF5 /* PBXTargetDependency */,
			);
			name = OPPVSClientTests;
			productName = OPPVSClientTests;
			productReference = D9250F4A1AC558DB00858FF5 /* OPPVSClientTests.xctest */;
			productType = "com.apple.product-type.bundle.unit-test";
		};
/* End PBXNativeTarget section */

/* Begin PBXProject section */
		D9250F291AC558DB00858FF5 /* Project object */ = {
			isa = PBXProject;
			attributes = {
				LastUpgradeCheck = 0620;
				ORGANIZATIONNAME = "Cao Minh Trang";
				TargetAttributes = {
					D9250F301AC558DB00858FF5 = {
						CreatedOnToolsVersion = 6.2;
					};
					D9250F491AC558DB00858FF5 = {
						CreatedOnToolsVersion = 6.2;
						TestTargetID = D9250F301AC558DB00858FF5;
					};
				};
			};
			buildConfigurationList = D9250F2C1AC558DB00858FF5 /* Build configuration list for PBXProject "OPPVSClient" */;
			compatibilityVersion = "Xcode 3.2";
			developmentRegion = English;
			hasScannedForEncodings = 0;
			knownRegions = (
				en,
				Base,
			);
			mainGroup = D9250F281AC558DB00858FF5;
			productRefGroup = D9250F321AC558DB00858FF5 /* Products */;
			projectDirPath = "";
			projectRoot = "";
			targets = (
				D9250F301AC558DB00858FF5 /* OPPVSClient */,
				D9250F491AC558DB00858FF5 /* OPPVSClientTests */,
			);
		};
/* End PBXProject section */

/* Begin PBXResourcesBuildPhase section */
		D9250F2F1AC558DB00858FF5 /* Resources */ = {
			isa = PBXResourcesBuildPhase;
			buildActionMask = 2147483647;
			files = (
				D9250F421AC558DB00858FF5 /* Images.xcassets in Resources */,
				D9250F451AC558DB00858FF5 /* Main.storyboard in Resources */,
			);
			runOnlyForDeploymentPostprocessing = 0;
		};
		D9250F481AC558DB00858FF5 /* Resources */ = {
			isa = PBXResourcesBuildPhase;
			buildActionMask = 2147483647;
			files = (
			);
			runOnlyForDeploymentPostprocessing = 0;
		};
/* End PBXResourcesBuildPhase section */

/* Begin PBXShellScriptBuildPhase section */
		D9FD72F61B86F94600AF2E71 /* ShellScript */ = {
			isa = PBXShellScriptBuildPhase;
			buildActionMask = 2147483647;
			files = (
			);
			inputPaths = (
			);
			outputPaths = (
			);
			runOnlyForDeploymentPostprocessing = 0;
			shellPath = /bin/sh;
			shellScript = "install_name_tool -change /usr/local/lib/libgio-2.0.0.dylib @loader_path/../Frameworks/libgio-2.0.0.dylib \"$TARGET_BUILD_DIR/$TARGET_NAME.app/Contents/Frameworks/libnice.10.dylib\"\ninstall_name_tool -change /usr/local/lib/libgobject-2.0.0.dylib @loader_path/../Frameworks/libgobject-2.0.0.dylib \"$TARGET_BUILD_DIR/$TARGET_NAME.app/Contents/Frameworks/libnice.10.dylib\"\ninstall_name_tool -change /usr/local/lib/libgthread-2.0.0.dylib @loader_path/../Frameworks/libgthread-2.0.0.dylib \"$TARGET_BUILD_DIR/$TARGET_NAME.app/Contents/Frameworks/libnice.10.dylib\"\ninstall_name_tool -change /usr/local/lib/libglib-2.0.0.dylib @loader_path/../Frameworks/libglib-2.0.0.dylib \"$TARGET_BUILD_DIR/$TARGET_NAME.app/Contents/Frameworks/libnice.10.dylib\"\ninstall_name_tool -change /usr/local/lib/libintl.8.dylib @loader_path/../Frameworks/libintl.8.dylib \"$TARGET_BUILD_DIR/$TARGET_NAME.app/Contents/Frameworks/libnice.10.dylib\"\ninstall_name_tool -change /usr/local/lib/libgmodule-2.0.0.dylib @loader_path/../Frameworks/libgmodule-2.0.0.dylib \"$TARGET_BUILD_DIR/$TARGET_NAME.app/Contents/Frameworks/libnice.10.dylib\"\ninstall_name_tool -change /usr/local/lib/libffi.6.dylib @loader_path/../Frameworks/libffi.6.dylib \"$TARGET_BUILD_DIR/$TARGET_NAME.app/Contents/Frameworks/libnice.10.dylib\"\n\ninstall_name_tool -change /usr/local/lib/libgio-2.0.0.dylib @loader_path/../Frameworks/libgio-2.0.0.dylib \"$TARGET_BUILD_DIR/$TARGET_NAME.app/Contents/Frameworks/libnetworkengine.so\"\ninstall_name_tool -change /usr/local/lib/libgobject-2.0.0.dylib @loader_path/../Frameworks/libgobject-2.0.0.dylib \"$TARGET_BUILD_DIR/$TARGET_NAME.app/Contents/Frameworks/libnetworkengine.so\"\ninstall_name_tool -change /usr/local/lib/libgthread-2.0.0.dylib @loader_path/../Frameworks/libgthread-2.0.0.dylib \"$TARGET_BUILD_DIR/$TARGET_NAME.app/Contents/Frameworks/libnetworkengine.so\"\ninstall_name_tool -change /usr/local/lib/libglib-2.0.0.dylib @loader_path/../Frameworks/libglib-2.0.0.dylib \"$TARGET_BUILD_DIR/$TARGET_NAME.app/Contents/Frameworks/libnetworkengine.so\"\ninstall_name_tool -change /usr/local/lib/libintl.8.dylib @loader_path/../Frameworks/libintl.8.dylib \"$TARGET_BUILD_DIR/$TARGET_NAME.app/Contents/Frameworks/libnetworkengine.so\"\n\ninstall_name_tool -change /usr/local/lib/libgio-2.0.0.dylib @loader_path/../Frameworks/libgio-2.0.0.dylib \"$TARGET_BUILD_DIR/$TARGET_NAME.app/Contents/MacOS/$PRODUCT_NAME\"\ninstall_name_tool -change /usr/local/lib/libgobject-2.0.0.dylib @loader_path/../Frameworks/libgobject-2.0.0.dylib \"$TARGET_BUILD_DIR/$TARGET_NAME.app/Contents/MacOS/$PRODUCT_NAME\"\ninstall_name_tool -change /usr/local/lib/libgthread-2.0.0.dylib @loader_path/../Frameworks/libgthread-2.0.0.dylib \"$TARGET_BUILD_DIR/$TARGET_NAME.app/Contents/MacOS/$PRODUCT_NAME\"\ninstall_name_tool -change /usr/local/lib/libglib-2.0.0.dylib @loader_path/../Frameworks/libglib-2.0.0.dylib \"$TARGET_BUILD_DIR/$TARGET_NAME.app/Contents/MacOS/$PRODUCT_NAME\"\ninstall_name_tool -change /usr/local/lib/libintl.8.dylib @loader_path/../Frameworks/libintl.8.dylib \"$TARGET_BUILD_DIR/$TARGET_NAME.app/Contents/MacOS/$PRODUCT_NAME\"\ninstall_name_tool -change /usr/local/lib/libgmodule-2.0.0.dylib @loader_path/../Frameworks/libgmodule-2.0.0.dylib \"$TARGET_BUILD_DIR/$TARGET_NAME.app/Contents/MacOS/$PRODUCT_NAME\"\ninstall_name_tool -change /usr/local/lib/libffi.6.dylib @loader_path/../Frameworks/libffi.6.dylib \"$TARGET_BUILD_DIR/$TARGET_NAME.app/Contents/MacOS/$PRODUCT_NAME\"\n\ninstall_name_tool -change /usr/local/lib/libglib-2.0.0.dylib @loader_path/../Frameworks/libglib-2.0.0.dylib \"$TARGET_BUILD_DIR/$TARGET_NAME.app/Contents/Frameworks/libgmodule-2.0.0.dylib\"\ninstall_name_tool -change /usr/local/lib/libintl.8.dylib @loader_path/../Frameworks/libintl.8.dylib \"$TARGET_BUILD_DIR/$TARGET_NAME.app/Contents/Frameworks/libgmodule-2.0.0.dylib\"\n\ninstall_name_tool -change /usr/local/lib/libgobject-2.0.0.dylib @loader_path/../Frameworks/libgobject-2.0.0.dylib \"$TARGET_BUILD_DIR/$TARGET_NAME.app/Contents/Frameworks/libgio-2.0.0.dylib\"\ninstall_name_tool -change /usr/local/lib/libglib-2.0.0.dylib @loader_path/../Frameworks/libglib-2.0.0.dylib \"$TARGET_BUILD_DIR/$TARGET_NAME.app/Contents/Frameworks/libgio-2.0.0.dylib\"\ninstall_name_tool -change /usr/local/lib/libintl.8.dylib @loader_path/../Frameworks/libintl.8.dylib \"$TARGET_BUILD_DIR/$TARGET_NAME.app/Contents/Frameworks/libgio-2.0.0.dylib\"\ninstall_name_tool -change /usr/local/lib/libgmodule-2.0.0.dylib @loader_path/../Frameworks/libgmodule-2.0.0.dylib \"$TARGET_BUILD_DIR/$TARGET_NAME.app/Contents/Frameworks/libgio-2.0.0.dylib\"\ninstall_name_tool -change /usr/local/lib/libffi.6.dylib @loader_path/../Frameworks/libffi.6.dylib \"$TARGET_BUILD_DIR/$TARGET_NAME.app/Contents/Frameworks/libgio-2.0.0.dylib\"\n\ninstall_name_tool -change /usr/local/lib/libintl.8.dylib @loader_path/../Frameworks/libintl.8.dylib \"$TARGET_BUILD_DIR/$TARGET_NAME.app/Contents/Frameworks/libglib-2.0.0.dylib\"\n\ninstall_name_tool -change /usr/local/lib/libglib-2.0.0.dylib @loader_path/../Frameworks/libglib-2.0.0.dylib \"$TARGET_BUILD_DIR/$TARGET_NAME.app/Contents/Frameworks/libgobject-2.0.0.dylib\"\ninstall_name_tool -change /usr/local/lib/libintl.8.dylib @loader_path/../Frameworks/libintl.8.dylib \"$TARGET_BUILD_DIR/$TARGET_NAME.app/Contents/Frameworks/libgobject-2.0.0.dylib\"\ninstall_name_tool -change /usr/local/lib/libffi.6.dylib @loader_path/../Frameworks/libffi.6.dylib \"$TARGET_BUILD_DIR/$TARGET_NAME.app/Contents/Frameworks/libgobject-2.0.0.dylib\"\n\ninstall_name_tool -change /usr/local/lib/libglib-2.0.0.dylib @loader_path/../Frameworks/libglib-2.0.0.dylib \"$TARGET_BUILD_DIR/$TARGET_NAME.app/Contents/Frameworks/libgthread-2.0.0.dylib\"\ninstall_name_tool -change /usr/local/lib/libintl.8.dylib @loader_path/../Frameworks/libintl.8.dylib \"$TARGET_BUILD_DIR/$TARGET_NAME.app/Contents/Frameworks/libgthread-2.0.0.dylib\"\n\n\ninstall_name_tool -change /usr/local/lib/libOPPVSRendering.dylib @loader_path/../Frameworks/libOPPVSRendering.dylib \"$TARGET_BUILD_DIR/$TARGET_NAME.app/Contents/MacOS/$PRODUCT_NAME\"\ninstall_name_tool -change libnetworkengine.so @loader_path/../Frameworks/libnetworkengine.so \"$TARGET_BUILD_DIR/$TARGET_NAME.app/Contents/MacOS/$PRODUCT_NAME\"\ninstall_name_tool -change libstreaming.so @loader_path/../Frameworks/libstreaming.so \"$TARGET_BUILD_DIR/$TARGET_NAME.app/Contents/MacOS/$PRODUCT_NAME\"\ninstall_name_tool -change libmisccpp.so @loader_path/../Frameworks/libmisccpp.so \"$TARGET_BUILD_DIR/$TARGET_NAME.app/Contents/MacOS/$PRODUCT_NAME\"\ninstall_name_tool -change libmisc.so @loader_path/../Frameworks/libmisc.so \"$TARGET_BUILD_DIR/$TARGET_NAME.app/Contents/MacOS/$PRODUCT_NAME\"\ninstall_name_tool -change libthreadengine.so @loader_path/../Frameworks/libthreadengine.so \"$TARGET_BUILD_DIR/$TARGET_NAME.app/Contents/MacOS/$PRODUCT_NAME\"\ninstall_name_tool -change libthreadengine.so @loader_path/../Frameworks/libthreadengine.so \"$TARGET_BUILD_DIR/$TARGET_NAME.app/Contents/Frameworks/libnetworkengine.so\"\ninstall_name_tool -change /usr/local/lib/libnice.10.dylib @loader_path/../Frameworks/libnice.10.dylib \"$TARGET_BUILD_DIR/$TARGET_NAME.app/Contents/Frameworks/libnetworkengine.so\"\ninstall_name_tool -change /usr/local/lib/libnice.10.dylib @loader_path/../Frameworks/libnice.10.dylib \"$TARGET_BUILD_DIR/$TARGET_NAME.app/Contents/MacOS/$PRODUCT_NAME\"\ninstall_name_tool -change libnetworkengine.so @loader_path/../Frameworks/libnetworkengine.so \"$TARGET_BUILD_DIR/$TARGET_NAME.app/Contents/Frameworks/libstreaming.so\"\ninstall_name_tool -change libthreadengine.so @loader_path/../Frameworks/libthreadengine.so \"$TARGET_BUILD_DIR/$TARGET_NAME.app/Contents/Frameworks/libstreaming.so\"\ninstall_name_tool -change libmisc.so @loader_path/../Frameworks/libmisc.so \"$TARGET_BUILD_DIR/$TARGET_NAME.app/Contents/Frameworks/libstreaming.so\"\ninstall_name_tool -change libencodingengine.so @loader_path/../Frameworks/libencodingengine.so \"$TARGET_BUILD_DIR/$TARGET_NAME.app/Contents/MacOS/$PRODUCT_NAME\"\ninstall_name_tool -change libyuv.a @loader_path/../Frameworks/libyuv.a \"$TARGET_BUILD_DIR/$TARGET_NAME.app/Contents/Frameworks/libencodingengine.so\"\ninstall_name_tool -change libyuv.a @loader_path/../Frameworks/libyuv.a \"$TARGET_BUILD_DIR/$TARGET_NAME.app/Contents/MacOS/$PRODUCT_NAME\"\ninstall_name_tool -change libmisc.so @loader_path/../Frameworks/libmisc.so \"$TARGET_BUILD_DIR/$TARGET_NAME.app/Contents/Frameworks/libencodingengine.so\"\ninstall_name_tool -change libmisc.so @loader_path/../Frameworks/libmisc.so \"$TARGET_BUILD_DIR/$TARGET_NAME.app/Contents/Frameworks/libnetworkengine.so\"\ninstall_name_tool -change libmisccpp.so @loader_path/../Frameworks/libmisccpp.so \"$TARGET_BUILD_DIR/$TARGET_NAME.app/Contents/Frameworks/libnetworkengine.so\"\ninstall_name_tool -change libencodingengine.so @loader_path/../Frameworks/libencodingengine.so \"$TARGET_BUILD_DIR/$TARGET_NAME.app/Contents/Frameworks/libstreaming.so\"\n";
		};
/* End PBXShellScriptBuildPhase section */

/* Begin PBXSourcesBuildPhase section */
		D9250F2D1AC558DB00858FF5 /* Sources */ = {
			isa = PBXSourcesBuildPhase;
			buildActionMask = 2147483647;
			files = (
				D9250F401AC558DB00858FF5 /* Document.mm in Sources */,
				D9250F3D1AC558DB00858FF5 /* ViewController.mm in Sources */,
				D9250F3A1AC558DB00858FF5 /* main.m in Sources */,
				D9250F381AC558DB00858FF5 /* AppDelegate.m in Sources */,
			);
			runOnlyForDeploymentPostprocessing = 0;
		};
		D9250F461AC558DB00858FF5 /* Sources */ = {
			isa = PBXSourcesBuildPhase;
			buildActionMask = 2147483647;
			files = (
				D9250F511AC558DB00858FF5 /* OPPVSClientTests.m in Sources */,
			);
			runOnlyForDeploymentPostprocessing = 0;
		};
/* End PBXSourcesBuildPhase section */

/* Begin PBXTargetDependency section */
		D9250F4C1AC558DB00858FF5 /* PBXTargetDependency */ = {
			isa = PBXTargetDependency;
			target = D9250F301AC558DB00858FF5 /* OPPVSClient */;
			targetProxy = D9250F4B1AC558DB00858FF5 /* PBXContainerItemProxy */;
		};
/* End PBXTargetDependency section */

/* Begin PBXVariantGroup section */
		D9250F431AC558DB00858FF5 /* Main.storyboard */ = {
			isa = PBXVariantGroup;
			children = (
				D9250F441AC558DB00858FF5 /* Base */,
			);
			name = Main.storyboard;
			sourceTree = "<group>";
		};
/* End PBXVariantGroup section */

/* Begin XCBuildConfiguration section */
		D9250F521AC558DB00858FF5 /* Debug */ = {
			isa = XCBuildConfiguration;
			buildSettings = {
				ALWAYS_SEARCH_USER_PATHS = NO;
				CLANG_CXX_LANGUAGE_STANDARD = "gnu++0x";
				CLANG_CXX_LIBRARY = "libc++";
				CLANG_ENABLE_MODULES = YES;
				CLANG_ENABLE_OBJC_ARC = YES;
				CLANG_WARN_BOOL_CONVERSION = YES;
				CLANG_WARN_CONSTANT_CONVERSION = YES;
				CLANG_WARN_DIRECT_OBJC_ISA_USAGE = YES_ERROR;
				CLANG_WARN_EMPTY_BODY = YES;
				CLANG_WARN_ENUM_CONVERSION = YES;
				CLANG_WARN_INT_CONVERSION = YES;
				CLANG_WARN_OBJC_ROOT_CLASS = YES_ERROR;
				CLANG_WARN_UNREACHABLE_CODE = YES;
				CLANG_WARN__DUPLICATE_METHOD_MATCH = YES;
				CODE_SIGN_IDENTITY = "-";
				COPY_PHASE_STRIP = NO;
				ENABLE_STRICT_OBJC_MSGSEND = YES;
				GCC_C_LANGUAGE_STANDARD = gnu99;
				GCC_DYNAMIC_NO_PIC = NO;
				GCC_OPTIMIZATION_LEVEL = 0;
				GCC_PREPROCESSOR_DEFINITIONS = (
					"DEBUG=1",
					"$(inherited)",
				);
				GCC_SYMBOLS_PRIVATE_EXTERN = NO;
				GCC_WARN_64_TO_32_BIT_CONVERSION = YES;
				GCC_WARN_ABOUT_RETURN_TYPE = YES_ERROR;
				GCC_WARN_UNDECLARED_SELECTOR = YES;
				GCC_WARN_UNINITIALIZED_AUTOS = YES_AGGRESSIVE;
				GCC_WARN_UNUSED_FUNCTION = YES;
				GCC_WARN_UNUSED_VARIABLE = YES;
				MACOSX_DEPLOYMENT_TARGET = 10.10;
				MTL_ENABLE_DEBUG_INFO = YES;
				ONLY_ACTIVE_ARCH = YES;
				SDKROOT = macosx;
			};
			name = Debug;
		};
		D9250F531AC558DB00858FF5 /* Release */ = {
			isa = XCBuildConfiguration;
			buildSettings = {
				ALWAYS_SEARCH_USER_PATHS = NO;
				CLANG_CXX_LANGUAGE_STANDARD = "gnu++0x";
				CLANG_CXX_LIBRARY = "libc++";
				CLANG_ENABLE_MODULES = YES;
				CLANG_ENABLE_OBJC_ARC = YES;
				CLANG_WARN_BOOL_CONVERSION = YES;
				CLANG_WARN_CONSTANT_CONVERSION = YES;
				CLANG_WARN_DIRECT_OBJC_ISA_USAGE = YES_ERROR;
				CLANG_WARN_EMPTY_BODY = YES;
				CLANG_WARN_ENUM_CONVERSION = YES;
				CLANG_WARN_INT_CONVERSION = YES;
				CLANG_WARN_OBJC_ROOT_CLASS = YES_ERROR;
				CLANG_WARN_UNREACHABLE_CODE = YES;
				CLANG_WARN__DUPLICATE_METHOD_MATCH = YES;
				CODE_SIGN_IDENTITY = "-";
				COPY_PHASE_STRIP = NO;
				DEBUG_INFORMATION_FORMAT = "dwarf-with-dsym";
				ENABLE_NS_ASSERTIONS = NO;
				ENABLE_STRICT_OBJC_MSGSEND = YES;
				GCC_C_LANGUAGE_STANDARD = gnu99;
				GCC_WARN_64_TO_32_BIT_CONVERSION = YES;
				GCC_WARN_ABOUT_RETURN_TYPE = YES_ERROR;
				GCC_WARN_UNDECLARED_SELECTOR = YES;
				GCC_WARN_UNINITIALIZED_AUTOS = YES_AGGRESSIVE;
				GCC_WARN_UNUSED_FUNCTION = YES;
				GCC_WARN_UNUSED_VARIABLE = YES;
				MACOSX_DEPLOYMENT_TARGET = 10.10;
				MTL_ENABLE_DEBUG_INFO = NO;
				SDKROOT = macosx;
			};
			name = Release;
		};
		D9250F551AC558DB00858FF5 /* Debug */ = {
			isa = XCBuildConfiguration;
			buildSettings = {
				ASSETCATALOG_COMPILER_APPICON_NAME = AppIcon;
				COMBINE_HIDPI_IMAGES = YES;
				HEADER_SEARCH_PATHS = (
					"$(inherited)",
					/Applications/Xcode.app/Contents/Developer/Toolchains/XcodeDefault.xctoolchain/usr/include,
					../../include,
					../../../libs/libsrtp/crypto/include,
					../../../libs/libsrtp/include,
					../../interface,
					../../thread,
					../../streaming,
					../../misc,
					../OPPVSRendering/OPPVSRendering,
					../../../libs/libyuv/include,
					../../encoding,
					../../../libs/libvpx,
					../../error,
					"../../../libs/libnice/**",
					../../network,
					"/usr/local/include/glib-2.0",
					../../audio,
					"../../../libs/libopus/**",
				);
				INFOPLIST_FILE = OPPVSClient/Info.plist;
				LD_RUNPATH_SEARCH_PATHS = "$(inherited) @executable_path/../Frameworks";
				LIBRARY_SEARCH_PATHS = (
					"$(inherited)",
					../../../libs,
					"/Users/caominhtrang/Documents/ForthProject/forth-dev/libs",
					"$(USER_LIBRARY_DIR)/Developer/Xcode/DerivedData/macgui-fpalbqwnkaknjvepwlnylsrwljda/Build/Products/Debug",
					/usr/local/lib,
				);
				PRODUCT_NAME = "$(TARGET_NAME)";
			};
			name = Debug;
		};
		D9250F561AC558DB00858FF5 /* Release */ = {
			isa = XCBuildConfiguration;
			buildSettings = {
				ASSETCATALOG_COMPILER_APPICON_NAME = AppIcon;
				COMBINE_HIDPI_IMAGES = YES;
				HEADER_SEARCH_PATHS = (
					"$(inherited)",
					/Applications/Xcode.app/Contents/Developer/Toolchains/XcodeDefault.xctoolchain/usr/include,
					../../include,
					../../../libs/libsrtp/crypto/include,
					../../../libs/libsrtp/include,
					../../interface,
					../../thread,
					../../streaming,
					../../misc,
					../OPPVSRendering/OPPVSRendering,
					../../../libs/libyuv/include,
					../../encoding,
					../../../libs/libvpx,
					../../error,
					"../../../libs/libnice/**",
					../../network,
					"/usr/local/include/glib-2.0",
					../../audio,
					"../../../libs/libopus/**",
				);
				INFOPLIST_FILE = OPPVSClient/Info.plist;
				LD_RUNPATH_SEARCH_PATHS = "$(inherited) @executable_path/../Frameworks";
				LIBRARY_SEARCH_PATHS = (
					"$(inherited)",
					../../../libs,
					"/Users/caominhtrang/Documents/ForthProject/forth-dev/libs",
					"$(USER_LIBRARY_DIR)/Developer/Xcode/DerivedData/macgui-fpalbqwnkaknjvepwlnylsrwljda/Build/Products/Debug",
					/usr/local/lib,
				);
				PRODUCT_NAME = "$(TARGET_NAME)";
			};
			name = Release;
		};
		D9250F581AC558DB00858FF5 /* Debug */ = {
			isa = XCBuildConfiguration;
			buildSettings = {
				BUNDLE_LOADER = "$(TEST_HOST)";
				COMBINE_HIDPI_IMAGES = YES;
				FRAMEWORK_SEARCH_PATHS = (
					"$(DEVELOPER_FRAMEWORKS_DIR)",
					"$(inherited)",
				);
				GCC_PREPROCESSOR_DEFINITIONS = (
					"DEBUG=1",
					"$(inherited)",
				);
				INFOPLIST_FILE = OPPVSClientTests/Info.plist;
				LD_RUNPATH_SEARCH_PATHS = "$(inherited) @executable_path/../Frameworks @loader_path/../Frameworks";
				PRODUCT_NAME = "$(TARGET_NAME)";
				TEST_HOST = "$(BUILT_PRODUCTS_DIR)/OPPVSClient.app/Contents/MacOS/OPPVSClient";
			};
			name = Debug;
		};
		D9250F591AC558DB00858FF5 /* Release */ = {
			isa = XCBuildConfiguration;
			buildSettings = {
				BUNDLE_LOADER = "$(TEST_HOST)";
				COMBINE_HIDPI_IMAGES = YES;
				FRAMEWORK_SEARCH_PATHS = (
					"$(DEVELOPER_FRAMEWORKS_DIR)",
					"$(inherited)",
				);
				INFOPLIST_FILE = OPPVSClientTests/Info.plist;
				LD_RUNPATH_SEARCH_PATHS = "$(inherited) @executable_path/../Frameworks @loader_path/../Frameworks";
				PRODUCT_NAME = "$(TARGET_NAME)";
				TEST_HOST = "$(BUILT_PRODUCTS_DIR)/OPPVSClient.app/Contents/MacOS/OPPVSClient";
			};
			name = Release;
		};
/* End XCBuildConfiguration section */

/* Begin XCConfigurationList section */
		D9250F2C1AC558DB00858FF5 /* Build configuration list for PBXProject "OPPVSClient" */ = {
			isa = XCConfigurationList;
			buildConfigurations = (
				D9250F521AC558DB00858FF5 /* Debug */,
				D9250F531AC558DB00858FF5 /* Release */,
			);
			defaultConfigurationIsVisible = 0;
			defaultConfigurationName = Release;
		};
		D9250F541AC558DB00858FF5 /* Build configuration list for PBXNativeTarget "OPPVSClient" */ = {
			isa = XCConfigurationList;
			buildConfigurations = (
				D9250F551AC558DB00858FF5 /* Debug */,
				D9250F561AC558DB00858FF5 /* Release */,
			);
			defaultConfigurationIsVisible = 0;
			defaultConfigurationName = Release;
		};
		D9250F571AC558DB00858FF5 /* Build configuration list for PBXNativeTarget "OPPVSClientTests" */ = {
			isa = XCConfigurationList;
			buildConfigurations = (
				D9250F581AC558DB00858FF5 /* Debug */,
				D9250F591AC558DB00858FF5 /* Release */,
			);
			defaultConfigurationIsVisible = 0;
			defaultConfigurationName = Release;
		};
/* End XCConfigurationList section */
	};
	rootObject = D9250F291AC558DB00858FF5 /* Project object */;
}
